// !$*UTF8*$!
{
	archiveVersion = 1;
	classes = {
	};
	objectVersion = 48;
	objects = {

/* Begin PBXBuildFile section */
		1D428917203F2235005D4369 /* (null) in Sources */ = {isa = PBXBuildFile; };
		1D428919204002F2005D4369 /* (null) in Sources */ = {isa = PBXBuildFile; };
		1D42891D20400474005D4369 /* (null) in Resources */ = {isa = PBXBuildFile; };
		1D42891F20400580005D4369 /* (null) in Sources */ = {isa = PBXBuildFile; };
		1D42892120400673005D4369 /* (null) in Resources */ = {isa = PBXBuildFile; };
		1D42892320400685005D4369 /* (null) in Sources */ = {isa = PBXBuildFile; };
		1D42892C20403A18005D4369 /* DemoCollectionViewCell.xib in Resources */ = {isa = PBXBuildFile; fileRef = 1D42892A20403A18005D4369 /* DemoCollectionViewCell.xib */; };
		4537E8671FD2A5600007501C /* ViewController+TableView.swift in Sources */ = {isa = PBXBuildFile; fileRef = 4537E8661FD2A55F0007501C /* ViewController+TableView.swift */; };
		453C04321FC0655D0028FA02 /* Sheeeeeeeeet.h in Headers */ = {isa = PBXBuildFile; fileRef = 453C04241FC0655C0028FA02 /* Sheeeeeeeeet.h */; settings = {ATTRIBUTES = (Public, ); }; };
		453C04601FC065AE0028FA02 /* AppDelegate.swift in Sources */ = {isa = PBXBuildFile; fileRef = 453C045F1FC065AE0028FA02 /* AppDelegate.swift */; };
		453C04621FC065AE0028FA02 /* ViewController.swift in Sources */ = {isa = PBXBuildFile; fileRef = 453C04611FC065AE0028FA02 /* ViewController.swift */; };
		453C04651FC065AE0028FA02 /* Main.storyboard in Resources */ = {isa = PBXBuildFile; fileRef = 453C04631FC065AE0028FA02 /* Main.storyboard */; };
		453C04671FC065AE0028FA02 /* Assets.xcassets in Resources */ = {isa = PBXBuildFile; fileRef = 453C04661FC065AE0028FA02 /* Assets.xcassets */; };
		453C046A1FC065AE0028FA02 /* LaunchScreen.storyboard in Resources */ = {isa = PBXBuildFile; fileRef = 453C04681FC065AE0028FA02 /* LaunchScreen.storyboard */; };
		454EDC5E205BBC5F008E4311 /* SingleSelectActionSheet.swift in Sources */ = {isa = PBXBuildFile; fileRef = 454EDC5D205BBC5F008E4311 /* SingleSelectActionSheet.swift */; };
		454EDC62205BBE75008E4311 /* LinkActionSheet.swift in Sources */ = {isa = PBXBuildFile; fileRef = 454EDC61205BBE75008E4311 /* LinkActionSheet.swift */; };
		454EDC64205BCF14008E4311 /* SectionActionSheet.swift in Sources */ = {isa = PBXBuildFile; fileRef = 454EDC63205BCF14008E4311 /* SectionActionSheet.swift */; };
		456203C1205BD00100A3E141 /* DestructiveActionSheet.swift in Sources */ = {isa = PBXBuildFile; fileRef = 456203C0205BD00100A3E141 /* DestructiveActionSheet.swift */; };
		456203C3205BD0DE00A3E141 /* HeaderActionSheet.swift in Sources */ = {isa = PBXBuildFile; fileRef = 456203C2205BD0DE00A3E141 /* HeaderActionSheet.swift */; };
		456203C5205BD24000A3E141 /* CollectionActionSheet.swift in Sources */ = {isa = PBXBuildFile; fileRef = 456203C4205BD24000A3E141 /* CollectionActionSheet.swift */; };
		456EAA121FCC204A00A719ED /* Sheeeeeeeeet.framework in Embed Frameworks */ = {isa = PBXBuildFile; fileRef = 453C04211FC0655C0028FA02 /* Sheeeeeeeeet.framework */; settings = {ATTRIBUTES = (CodeSignOnCopy, RemoveHeadersOnCopy, ); }; };
		456EAA261FCC615A00A719ED /* LICENSE.txt in Resources */ = {isa = PBXBuildFile; fileRef = 456EAA191FCC615A00A719ED /* LICENSE.txt */; };
		456EAA271FCC615A00A719ED /* Roboto-Black.ttf in Resources */ = {isa = PBXBuildFile; fileRef = 456EAA1A1FCC615A00A719ED /* Roboto-Black.ttf */; };
		456EAA281FCC615A00A719ED /* Roboto-BlackItalic.ttf in Resources */ = {isa = PBXBuildFile; fileRef = 456EAA1B1FCC615A00A719ED /* Roboto-BlackItalic.ttf */; };
		456EAA291FCC615A00A719ED /* Roboto-Bold.ttf in Resources */ = {isa = PBXBuildFile; fileRef = 456EAA1C1FCC615A00A719ED /* Roboto-Bold.ttf */; };
		456EAA2A1FCC615A00A719ED /* Roboto-BoldItalic.ttf in Resources */ = {isa = PBXBuildFile; fileRef = 456EAA1D1FCC615A00A719ED /* Roboto-BoldItalic.ttf */; };
		456EAA2B1FCC615A00A719ED /* Roboto-Italic.ttf in Resources */ = {isa = PBXBuildFile; fileRef = 456EAA1E1FCC615A00A719ED /* Roboto-Italic.ttf */; };
		456EAA2C1FCC615A00A719ED /* Roboto-Light.ttf in Resources */ = {isa = PBXBuildFile; fileRef = 456EAA1F1FCC615A00A719ED /* Roboto-Light.ttf */; };
		456EAA2D1FCC615A00A719ED /* Roboto-LightItalic.ttf in Resources */ = {isa = PBXBuildFile; fileRef = 456EAA201FCC615A00A719ED /* Roboto-LightItalic.ttf */; };
		456EAA2E1FCC615A00A719ED /* Roboto-Medium.ttf in Resources */ = {isa = PBXBuildFile; fileRef = 456EAA211FCC615A00A719ED /* Roboto-Medium.ttf */; };
		456EAA2F1FCC615A00A719ED /* Roboto-MediumItalic.ttf in Resources */ = {isa = PBXBuildFile; fileRef = 456EAA221FCC615A00A719ED /* Roboto-MediumItalic.ttf */; };
		456EAA301FCC615A00A719ED /* Roboto-Regular.ttf in Resources */ = {isa = PBXBuildFile; fileRef = 456EAA231FCC615A00A719ED /* Roboto-Regular.ttf */; };
		456EAA311FCC615A00A719ED /* Roboto-Thin.ttf in Resources */ = {isa = PBXBuildFile; fileRef = 456EAA241FCC615A00A719ED /* Roboto-Thin.ttf */; };
		456EAA321FCC615A00A719ED /* Roboto-ThinItalic.ttf in Resources */ = {isa = PBXBuildFile; fileRef = 456EAA251FCC615A00A719ED /* Roboto-ThinItalic.ttf */; };
		456EAA341FCC665800A719ED /* ViewController+Alert.swift in Sources */ = {isa = PBXBuildFile; fileRef = 456EAA331FCC665800A719ED /* ViewController+Alert.swift */; };
		456EAA3A1FCC6A7700A719ED /* FoodOption.swift in Sources */ = {isa = PBXBuildFile; fileRef = 456EAA391FCC6A7700A719ED /* FoodOption.swift */; };
		456EAA3D1FCC8FF200A719ED /* title-image.png in Resources */ = {isa = PBXBuildFile; fileRef = 456EAA3C1FCC8FF200A719ED /* title-image.png */; };
		45CF8FA7205BAE9800F01A3F /* StandardActionSheet.swift in Sources */ = {isa = PBXBuildFile; fileRef = 45CF8FA6205BAE9800F01A3F /* StandardActionSheet.swift */; };
		45CF8FAB205BAF3100F01A3F /* ActionSheet+Items.swift in Sources */ = {isa = PBXBuildFile; fileRef = 45CF8FAA205BAF3100F01A3F /* ActionSheet+Items.swift */; };
		45CF8FAD205BB42900F01A3F /* MultiSelectActionSheet.swift in Sources */ = {isa = PBXBuildFile; fileRef = 45CF8FAC205BB42900F01A3F /* MultiSelectActionSheet.swift */; };
		45CF8FAF205BB55800F01A3F /* FoodOption+ActionSheetItems.swift in Sources */ = {isa = PBXBuildFile; fileRef = 45CF8FAE205BB55800F01A3F /* FoodOption+ActionSheetItems.swift */; };
		840B66702210B92600F282F2 /* ViewController+Options.swift in Sources */ = {isa = PBXBuildFile; fileRef = 840B666F2210B92600F282F2 /* ViewController+Options.swift */; };
		84243E472301A90D00FC5AAF /* DemoColorfulAppearance.swift in Sources */ = {isa = PBXBuildFile; fileRef = 84243E462301A90D00FC5AAF /* DemoColorfulAppearance.swift */; };
		84243E4B230218CB00FC5AAF /* DemoCollectionViewCell.swift in Sources */ = {isa = PBXBuildFile; fileRef = 84243E4A230218CB00FC5AAF /* DemoCollectionViewCell.swift */; };
		84243E4F23021B1D00FC5AAF /* MenuOption.swift in Sources */ = {isa = PBXBuildFile; fileRef = 84243E4E23021B1D00FC5AAF /* MenuOption.swift */; };
		84243E512302211300FC5AAF /* ActionSheetMenuOption.swift in Sources */ = {isa = PBXBuildFile; fileRef = 84243E502302211300FC5AAF /* ActionSheetMenuOption.swift */; };
		84243E53230221E200FC5AAF /* AppearanceMenuOption.swift in Sources */ = {isa = PBXBuildFile; fileRef = 84243E52230221E200FC5AAF /* AppearanceMenuOption.swift */; };
		84243E5523022AC700FC5AAF /* AppearanceViewController.swift in Sources */ = {isa = PBXBuildFile; fileRef = 84243E5423022AC700FC5AAF /* AppearanceViewController.swift */; };
		8493967C21E7F9B200DC0AEF /* DemoFonts.swift in Sources */ = {isa = PBXBuildFile; fileRef = 8493967B21E7F9B200DC0AEF /* DemoFonts.swift */; };
		8499359F216BE408000A0670 /* DemoCustomViewCell.swift in Sources */ = {isa = PBXBuildFile; fileRef = 8499359D216BE408000A0670 /* DemoCustomViewCell.swift */; };
		849935A0216BE408000A0670 /* DemoCustomViewCell.xib in Resources */ = {isa = PBXBuildFile; fileRef = 8499359E216BE408000A0670 /* DemoCustomViewCell.xib */; };
		849935A4216BF35C000A0670 /* CustomActionSheet.swift in Sources */ = {isa = PBXBuildFile; fileRef = 849935A3216BF35C000A0670 /* CustomActionSheet.swift */; };
		849935A6216BFB9F000A0670 /* DemoAppearance.swift in Sources */ = {isa = PBXBuildFile; fileRef = 849935A5216BFB9F000A0670 /* DemoAppearance.swift */; };
		84BD8A832302BC8C0020610B /* ActionSheetMargin.swift in Sources */ = {isa = PBXBuildFile; fileRef = 84BD8A512302BC8C0020610B /* ActionSheetMargin.swift */; };
		84BD8A842302BC8C0020610B /* ActionSheet.xib in Resources */ = {isa = PBXBuildFile; fileRef = 84BD8A522302BC8C0020610B /* ActionSheet.xib */; };
		84BD8A852302BC8C0020610B /* ActionSheet+Items.swift in Sources */ = {isa = PBXBuildFile; fileRef = 84BD8A532302BC8C0020610B /* ActionSheet+Items.swift */; };
		84BD8A862302BC8C0020610B /* ActionSheetItemHandler.swift in Sources */ = {isa = PBXBuildFile; fileRef = 84BD8A542302BC8C0020610B /* ActionSheetItemHandler.swift */; };
		84BD8A872302BC8C0020610B /* ActionSheet.swift in Sources */ = {isa = PBXBuildFile; fileRef = 84BD8A552302BC8C0020610B /* ActionSheet.swift */; };
		84BD8A882302BC8C0020610B /* ActionSheet+Scroll.swift in Sources */ = {isa = PBXBuildFile; fileRef = 84BD8A562302BC8C0020610B /* ActionSheet+Scroll.swift */; };
		84BD8A892302BC8C0020610B /* ActionSheet+Presenter.swift in Sources */ = {isa = PBXBuildFile; fileRef = 84BD8A572302BC8C0020610B /* ActionSheet+Presenter.swift */; };
		84BD8A8A2302BC8C0020610B /* StandardActionSheetAppearance.swift in Sources */ = {isa = PBXBuildFile; fileRef = 84BD8A592302BC8C0020610B /* StandardActionSheetAppearance.swift */; };
		84BD8A8B2302BC8C0020610B /* ActionSheet+Appearance.swift in Sources */ = {isa = PBXBuildFile; fileRef = 84BD8A5A2302BC8C0020610B /* ActionSheet+Appearance.swift */; };
		84BD8A8C2302BC8C0020610B /* ActionSheetAppearance.swift in Sources */ = {isa = PBXBuildFile; fileRef = 84BD8A5B2302BC8C0020610B /* ActionSheetAppearance.swift */; };
		84BD8A8D2302BC8C0020610B /* ActionSheetColor.swift in Sources */ = {isa = PBXBuildFile; fileRef = 84BD8A5C2302BC8C0020610B /* ActionSheetColor.swift */; };
		84BD8A8E2302BC8C0020610B /* UIColor+ActionSheetColor.swift in Sources */ = {isa = PBXBuildFile; fileRef = 84BD8A5D2302BC8C0020610B /* UIColor+ActionSheetColor.swift */; };
		84BD8A8F2302BC8C0020610B /* ActionSheetPresenter.swift in Sources */ = {isa = PBXBuildFile; fileRef = 84BD8A5F2302BC8C0020610B /* ActionSheetPresenter.swift */; };
		84BD8A902302BC8C0020610B /* ActionSheetStandardPresenter.swift in Sources */ = {isa = PBXBuildFile; fileRef = 84BD8A602302BC8C0020610B /* ActionSheetStandardPresenter.swift */; };
		84BD8A912302BC8C0020610B /* ActionSheetPopoverPresenter.swift in Sources */ = {isa = PBXBuildFile; fileRef = 84BD8A612302BC8C0020610B /* ActionSheetPopoverPresenter.swift */; };
		84BD8A922302BC8C0020610B /* UIEdgeInsets+Hidden.swift in Sources */ = {isa = PBXBuildFile; fileRef = 84BD8A632302BC8C0020610B /* UIEdgeInsets+Hidden.swift */; };
		84BD8A932302BC8C0020610B /* NSObject+ClassName.swift in Sources */ = {isa = PBXBuildFile; fileRef = 84BD8A642302BC8C0020610B /* NSObject+ClassName.swift */; };
		84BD8A942302BC8C0020610B /* NSObject+Bundle.swift in Sources */ = {isa = PBXBuildFile; fileRef = 84BD8A652302BC8C0020610B /* NSObject+Bundle.swift */; };
		84BD8A952302BC8C0020610B /* UIViewController+RootViewController.swift in Sources */ = {isa = PBXBuildFile; fileRef = 84BD8A662302BC8C0020610B /* UIViewController+RootViewController.swift */; };
		84BD8A962302BC8C0020610B /* UIView+Nib.swift in Sources */ = {isa = PBXBuildFile; fileRef = 84BD8A672302BC8C0020610B /* UIView+Nib.swift */; };
		84BD8A972302BC8C0020610B /* UIView+Subviews.swift in Sources */ = {isa = PBXBuildFile; fileRef = 84BD8A682302BC8C0020610B /* UIView+Subviews.swift */; };
		84BD8A982302BC8C0020610B /* ActionSheetOkButton.swift in Sources */ = {isa = PBXBuildFile; fileRef = 84BD8A6B2302BC8C0020610B /* ActionSheetOkButton.swift */; };
		84BD8A992302BC8C0020610B /* ActionSheetButton.swift in Sources */ = {isa = PBXBuildFile; fileRef = 84BD8A6C2302BC8C0020610B /* ActionSheetButton.swift */; };
		84BD8A9A2302BC8C0020610B /* ActionSheetCancelButton.swift in Sources */ = {isa = PBXBuildFile; fileRef = 84BD8A6D2302BC8C0020610B /* ActionSheetCancelButton.swift */; };
		84BD8A9B2302BC8C0020610B /* ActionSheetDangerButton.swift in Sources */ = {isa = PBXBuildFile; fileRef = 84BD8A6E2302BC8C0020610B /* ActionSheetDangerButton.swift */; };
		84BD8A9C2302BC8C0020610B /* ActionSheetSectionMargin.swift in Sources */ = {isa = PBXBuildFile; fileRef = 84BD8A702302BC8C0020610B /* ActionSheetSectionMargin.swift */; };
		84BD8A9D2302BC8C0020610B /* ActionSheetSectionTitle.swift in Sources */ = {isa = PBXBuildFile; fileRef = 84BD8A712302BC8C0020610B /* ActionSheetSectionTitle.swift */; };
		84BD8A9E2302BC8C0020610B /* ActionSheetTitle.swift in Sources */ = {isa = PBXBuildFile; fileRef = 84BD8A722302BC8C0020610B /* ActionSheetTitle.swift */; };
		84BD8A9F2302BC8C0020610B /* ActionSheetMultiSelectToggleItem.swift in Sources */ = {isa = PBXBuildFile; fileRef = 84BD8A742302BC8C0020610B /* ActionSheetMultiSelectToggleItem.swift */; };
		84BD8AA02302BC8C0020610B /* ActionSheetCustomItem.swift in Sources */ = {isa = PBXBuildFile; fileRef = 84BD8A752302BC8C0020610B /* ActionSheetCustomItem.swift */; };
		84BD8AA12302BC8C0020610B /* ActionSheetSingleSelectItem.swift in Sources */ = {isa = PBXBuildFile; fileRef = 84BD8A762302BC8C0020610B /* ActionSheetSingleSelectItem.swift */; };
		84BD8AA22302BC8C0020610B /* ActionSheetSelectItem.swift in Sources */ = {isa = PBXBuildFile; fileRef = 84BD8A772302BC8C0020610B /* ActionSheetSelectItem.swift */; };
		84BD8AA32302BC8C0020610B /* ActionSheetLinkItem.swift in Sources */ = {isa = PBXBuildFile; fileRef = 84BD8A782302BC8C0020610B /* ActionSheetLinkItem.swift */; };
		84BD8AA42302BC8C0020610B /* ActionSheetMultiSelectItem.swift in Sources */ = {isa = PBXBuildFile; fileRef = 84BD8A792302BC8C0020610B /* ActionSheetMultiSelectItem.swift */; };
		84BD8AA52302BC8C0020610B /* ActionSheetCollectionItem.swift in Sources */ = {isa = PBXBuildFile; fileRef = 84BD8A7A2302BC8C0020610B /* ActionSheetCollectionItem.swift */; };
		84BD8AA62302BC8C0020610B /* ActionSheetCollectionItemCell.xib in Resources */ = {isa = PBXBuildFile; fileRef = 84BD8A7B2302BC8C0020610B /* ActionSheetCollectionItemCell.xib */; };
		84BD8AA72302BC8C0020610B /* ActionSheetItem.swift in Sources */ = {isa = PBXBuildFile; fileRef = 84BD8A7C2302BC8C0020610B /* ActionSheetItem.swift */; };
		84BD8AA82302BC8C0020610B /* ActionSheetTableView.swift in Sources */ = {isa = PBXBuildFile; fileRef = 84BD8A7E2302BC8C0020610B /* ActionSheetTableView.swift */; };
		84BD8AA92302BC8C0020610B /* ActionSheetButtonTableView.swift in Sources */ = {isa = PBXBuildFile; fileRef = 84BD8A7F2302BC8C0020610B /* ActionSheetButtonTableView.swift */; };
		84BD8AAA2302BC8C0020610B /* ActionSheetItemTableView.swift in Sources */ = {isa = PBXBuildFile; fileRef = 84BD8A802302BC8C0020610B /* ActionSheetItemTableView.swift */; };
		84BD8AAB2302BC8C0020610B /* ActionSheetHeaderView.swift in Sources */ = {isa = PBXBuildFile; fileRef = 84BD8A812302BC8C0020610B /* ActionSheetHeaderView.swift */; };
		84BD8AAC2302BC8C0020610B /* ActionSheetBackgroundView.swift in Sources */ = {isa = PBXBuildFile; fileRef = 84BD8A822302BC8C0020610B /* ActionSheetBackgroundView.swift */; };
/* End PBXBuildFile section */

/* Begin PBXCopyFilesBuildPhase section */
		456EAA131FCC204A00A719ED /* Embed Frameworks */ = {
			isa = PBXCopyFilesBuildPhase;
			buildActionMask = 2147483647;
			dstPath = "";
			dstSubfolderSpec = 10;
			files = (
				456EAA121FCC204A00A719ED /* Sheeeeeeeeet.framework in Embed Frameworks */,
			);
			name = "Embed Frameworks";
			runOnlyForDeploymentPostprocessing = 0;
		};
/* End PBXCopyFilesBuildPhase section */

/* Begin PBXFileReference section */
		1D42892A20403A18005D4369 /* DemoCollectionViewCell.xib */ = {isa = PBXFileReference; fileEncoding = 4; lastKnownFileType = file.xib; path = DemoCollectionViewCell.xib; sourceTree = "<group>"; };
		4512AA0020BD4DB000AD1D66 /* Sheeeeeeeeet.podspec */ = {isa = PBXFileReference; lastKnownFileType = text; path = Sheeeeeeeeet.podspec; sourceTree = "<group>"; };
		4537E8661FD2A55F0007501C /* ViewController+TableView.swift */ = {isa = PBXFileReference; lastKnownFileType = sourcecode.swift; path = "ViewController+TableView.swift"; sourceTree = "<group>"; };
		453C04211FC0655C0028FA02 /* Sheeeeeeeeet.framework */ = {isa = PBXFileReference; explicitFileType = wrapper.framework; includeInIndex = 0; path = Sheeeeeeeeet.framework; sourceTree = BUILT_PRODUCTS_DIR; };
		453C04241FC0655C0028FA02 /* Sheeeeeeeeet.h */ = {isa = PBXFileReference; lastKnownFileType = sourcecode.c.h; path = Sheeeeeeeeet.h; sourceTree = "<group>"; };
		453C04251FC0655C0028FA02 /* Info.plist */ = {isa = PBXFileReference; lastKnownFileType = text.plist.xml; path = Info.plist; sourceTree = "<group>"; };
		453C045D1FC065AE0028FA02 /* SheeeeeeeeetExample.app */ = {isa = PBXFileReference; explicitFileType = wrapper.application; includeInIndex = 0; path = SheeeeeeeeetExample.app; sourceTree = BUILT_PRODUCTS_DIR; };
		453C045F1FC065AE0028FA02 /* AppDelegate.swift */ = {isa = PBXFileReference; lastKnownFileType = sourcecode.swift; path = AppDelegate.swift; sourceTree = "<group>"; };
		453C04611FC065AE0028FA02 /* ViewController.swift */ = {isa = PBXFileReference; lastKnownFileType = sourcecode.swift; path = ViewController.swift; sourceTree = "<group>"; };
		453C04641FC065AE0028FA02 /* Base */ = {isa = PBXFileReference; lastKnownFileType = file.storyboard; name = Base; path = Base.lproj/Main.storyboard; sourceTree = "<group>"; };
		453C04661FC065AE0028FA02 /* Assets.xcassets */ = {isa = PBXFileReference; lastKnownFileType = folder.assetcatalog; path = Assets.xcassets; sourceTree = "<group>"; };
		453C04691FC065AE0028FA02 /* Base */ = {isa = PBXFileReference; lastKnownFileType = file.storyboard; name = Base; path = Base.lproj/LaunchScreen.storyboard; sourceTree = "<group>"; };
		453C046B1FC065AE0028FA02 /* Info.plist */ = {isa = PBXFileReference; lastKnownFileType = text.plist.xml; path = Info.plist; sourceTree = "<group>"; };
		454EDC5D205BBC5F008E4311 /* SingleSelectActionSheet.swift */ = {isa = PBXFileReference; lastKnownFileType = sourcecode.swift; path = SingleSelectActionSheet.swift; sourceTree = "<group>"; };
		454EDC61205BBE75008E4311 /* LinkActionSheet.swift */ = {isa = PBXFileReference; lastKnownFileType = sourcecode.swift; path = LinkActionSheet.swift; sourceTree = "<group>"; };
		454EDC63205BCF14008E4311 /* SectionActionSheet.swift */ = {isa = PBXFileReference; lastKnownFileType = sourcecode.swift; path = SectionActionSheet.swift; sourceTree = "<group>"; };
		456203C0205BD00100A3E141 /* DestructiveActionSheet.swift */ = {isa = PBXFileReference; lastKnownFileType = sourcecode.swift; path = DestructiveActionSheet.swift; sourceTree = "<group>"; };
		456203C2205BD0DE00A3E141 /* HeaderActionSheet.swift */ = {isa = PBXFileReference; lastKnownFileType = sourcecode.swift; path = HeaderActionSheet.swift; sourceTree = "<group>"; };
		456203C4205BD24000A3E141 /* CollectionActionSheet.swift */ = {isa = PBXFileReference; lastKnownFileType = sourcecode.swift; path = CollectionActionSheet.swift; sourceTree = "<group>"; };
		456EAA191FCC615A00A719ED /* LICENSE.txt */ = {isa = PBXFileReference; fileEncoding = 4; lastKnownFileType = text; path = LICENSE.txt; sourceTree = "<group>"; };
		456EAA1A1FCC615A00A719ED /* Roboto-Black.ttf */ = {isa = PBXFileReference; lastKnownFileType = file; path = "Roboto-Black.ttf"; sourceTree = "<group>"; };
		456EAA1B1FCC615A00A719ED /* Roboto-BlackItalic.ttf */ = {isa = PBXFileReference; lastKnownFileType = file; path = "Roboto-BlackItalic.ttf"; sourceTree = "<group>"; };
		456EAA1C1FCC615A00A719ED /* Roboto-Bold.ttf */ = {isa = PBXFileReference; lastKnownFileType = file; path = "Roboto-Bold.ttf"; sourceTree = "<group>"; };
		456EAA1D1FCC615A00A719ED /* Roboto-BoldItalic.ttf */ = {isa = PBXFileReference; lastKnownFileType = file; path = "Roboto-BoldItalic.ttf"; sourceTree = "<group>"; };
		456EAA1E1FCC615A00A719ED /* Roboto-Italic.ttf */ = {isa = PBXFileReference; lastKnownFileType = file; path = "Roboto-Italic.ttf"; sourceTree = "<group>"; };
		456EAA1F1FCC615A00A719ED /* Roboto-Light.ttf */ = {isa = PBXFileReference; lastKnownFileType = file; path = "Roboto-Light.ttf"; sourceTree = "<group>"; };
		456EAA201FCC615A00A719ED /* Roboto-LightItalic.ttf */ = {isa = PBXFileReference; lastKnownFileType = file; path = "Roboto-LightItalic.ttf"; sourceTree = "<group>"; };
		456EAA211FCC615A00A719ED /* Roboto-Medium.ttf */ = {isa = PBXFileReference; lastKnownFileType = file; path = "Roboto-Medium.ttf"; sourceTree = "<group>"; };
		456EAA221FCC615A00A719ED /* Roboto-MediumItalic.ttf */ = {isa = PBXFileReference; lastKnownFileType = file; path = "Roboto-MediumItalic.ttf"; sourceTree = "<group>"; };
		456EAA231FCC615A00A719ED /* Roboto-Regular.ttf */ = {isa = PBXFileReference; lastKnownFileType = file; path = "Roboto-Regular.ttf"; sourceTree = "<group>"; };
		456EAA241FCC615A00A719ED /* Roboto-Thin.ttf */ = {isa = PBXFileReference; lastKnownFileType = file; path = "Roboto-Thin.ttf"; sourceTree = "<group>"; };
		456EAA251FCC615A00A719ED /* Roboto-ThinItalic.ttf */ = {isa = PBXFileReference; lastKnownFileType = file; path = "Roboto-ThinItalic.ttf"; sourceTree = "<group>"; };
		456EAA331FCC665800A719ED /* ViewController+Alert.swift */ = {isa = PBXFileReference; lastKnownFileType = sourcecode.swift; path = "ViewController+Alert.swift"; sourceTree = "<group>"; };
		456EAA391FCC6A7700A719ED /* FoodOption.swift */ = {isa = PBXFileReference; lastKnownFileType = sourcecode.swift; path = FoodOption.swift; sourceTree = "<group>"; };
		456EAA3C1FCC8FF200A719ED /* title-image.png */ = {isa = PBXFileReference; lastKnownFileType = image.png; path = "title-image.png"; sourceTree = "<group>"; };
		457EC2BD1FCE1ACD000EF1AD /* Quick.framework */ = {isa = PBXFileReference; lastKnownFileType = wrapper.framework; name = Quick.framework; path = Carthage/Build/iOS/Quick.framework; sourceTree = "<group>"; };
		457EC2BE1FCE1ACD000EF1AD /* Nimble.framework */ = {isa = PBXFileReference; lastKnownFileType = wrapper.framework; name = Nimble.framework; path = Carthage/Build/iOS/Nimble.framework; sourceTree = "<group>"; };
		459DA1BB2056C14900644490 /* LICENSE */ = {isa = PBXFileReference; lastKnownFileType = text; path = LICENSE; sourceTree = "<group>"; };
		459DA1BC2056C14A00644490 /* .swift-version */ = {isa = PBXFileReference; lastKnownFileType = text; path = ".swift-version"; sourceTree = "<group>"; };
		459DA1BE2056C14A00644490 /* README.md */ = {isa = PBXFileReference; lastKnownFileType = net.daringfireball.markdown; path = README.md; sourceTree = "<group>"; };
		459DA1BF2056C14A00644490 /* .swiftlint.yml */ = {isa = PBXFileReference; lastKnownFileType = text; path = .swiftlint.yml; sourceTree = "<group>"; };
		459DA1C02056C14A00644490 /* .travis.yml */ = {isa = PBXFileReference; lastKnownFileType = text; path = .travis.yml; sourceTree = "<group>"; };
		459DA1C22056C15600644490 /* Fastfile */ = {isa = PBXFileReference; lastKnownFileType = text; name = Fastfile; path = Fastlane/Fastfile; sourceTree = "<group>"; };
		45CF8FA6205BAE9800F01A3F /* StandardActionSheet.swift */ = {isa = PBXFileReference; lastKnownFileType = sourcecode.swift; path = StandardActionSheet.swift; sourceTree = "<group>"; };
		45CF8FAA205BAF3100F01A3F /* ActionSheet+Items.swift */ = {isa = PBXFileReference; lastKnownFileType = sourcecode.swift; path = "ActionSheet+Items.swift"; sourceTree = "<group>"; };
		45CF8FAC205BB42900F01A3F /* MultiSelectActionSheet.swift */ = {isa = PBXFileReference; lastKnownFileType = sourcecode.swift; path = MultiSelectActionSheet.swift; sourceTree = "<group>"; };
		45CF8FAE205BB55800F01A3F /* FoodOption+ActionSheetItems.swift */ = {isa = PBXFileReference; lastKnownFileType = sourcecode.swift; path = "FoodOption+ActionSheetItems.swift"; sourceTree = "<group>"; };
		840B666F2210B92600F282F2 /* ViewController+Options.swift */ = {isa = PBXFileReference; lastKnownFileType = sourcecode.swift; path = "ViewController+Options.swift"; sourceTree = "<group>"; };
		8423864721EF7ED10045F121 /* Appearance.md */ = {isa = PBXFileReference; lastKnownFileType = net.daringfireball.markdown; path = Appearance.md; sourceTree = "<group>"; };
		8423864821EF7ED10045F121 /* Advanced-Example.md */ = {isa = PBXFileReference; lastKnownFileType = net.daringfireball.markdown; path = "Advanced-Example.md"; sourceTree = "<group>"; };
		8423864921EF7ED10045F121 /* Items-Types.md */ = {isa = PBXFileReference; lastKnownFileType = net.daringfireball.markdown; path = "Items-Types.md"; sourceTree = "<group>"; };
		84243E412301A5FB00FC5AAF /* MockNRoll.framework */ = {isa = PBXFileReference; lastKnownFileType = wrapper.framework; name = MockNRoll.framework; path = Carthage/Build/iOS/MockNRoll.framework; sourceTree = "<group>"; };
		84243E462301A90D00FC5AAF /* DemoColorfulAppearance.swift */ = {isa = PBXFileReference; lastKnownFileType = sourcecode.swift; path = DemoColorfulAppearance.swift; sourceTree = "<group>"; };
		84243E4A230218CB00FC5AAF /* DemoCollectionViewCell.swift */ = {isa = PBXFileReference; fileEncoding = 4; lastKnownFileType = sourcecode.swift; path = DemoCollectionViewCell.swift; sourceTree = "<group>"; };
		84243E4E23021B1D00FC5AAF /* MenuOption.swift */ = {isa = PBXFileReference; fileEncoding = 4; lastKnownFileType = sourcecode.swift; path = MenuOption.swift; sourceTree = "<group>"; };
		84243E502302211300FC5AAF /* ActionSheetMenuOption.swift */ = {isa = PBXFileReference; lastKnownFileType = sourcecode.swift; path = ActionSheetMenuOption.swift; sourceTree = "<group>"; };
		84243E52230221E200FC5AAF /* AppearanceMenuOption.swift */ = {isa = PBXFileReference; lastKnownFileType = sourcecode.swift; path = AppearanceMenuOption.swift; sourceTree = "<group>"; };
		84243E5423022AC700FC5AAF /* AppearanceViewController.swift */ = {isa = PBXFileReference; lastKnownFileType = sourcecode.swift; path = AppearanceViewController.swift; sourceTree = "<group>"; };
		843658B3219074F000B4D996 /* RELEASE_NOTES.md */ = {isa = PBXFileReference; fileEncoding = 4; lastKnownFileType = net.daringfireball.markdown; path = RELEASE_NOTES.md; sourceTree = "<group>"; };
		8493967B21E7F9B200DC0AEF /* DemoFonts.swift */ = {isa = PBXFileReference; lastKnownFileType = sourcecode.swift; path = DemoFonts.swift; sourceTree = "<group>"; };
		8499359D216BE408000A0670 /* DemoCustomViewCell.swift */ = {isa = PBXFileReference; lastKnownFileType = sourcecode.swift; path = DemoCustomViewCell.swift; sourceTree = "<group>"; };
		8499359E216BE408000A0670 /* DemoCustomViewCell.xib */ = {isa = PBXFileReference; lastKnownFileType = file.xib; path = DemoCustomViewCell.xib; sourceTree = "<group>"; };
		849935A3216BF35C000A0670 /* CustomActionSheet.swift */ = {isa = PBXFileReference; lastKnownFileType = sourcecode.swift; path = CustomActionSheet.swift; sourceTree = "<group>"; };
		849935A5216BFB9F000A0670 /* DemoAppearance.swift */ = {isa = PBXFileReference; lastKnownFileType = sourcecode.swift; path = DemoAppearance.swift; sourceTree = "<group>"; };
		84BD8A512302BC8C0020610B /* ActionSheetMargin.swift */ = {isa = PBXFileReference; fileEncoding = 4; lastKnownFileType = sourcecode.swift; path = ActionSheetMargin.swift; sourceTree = "<group>"; };
		84BD8A522302BC8C0020610B /* ActionSheet.xib */ = {isa = PBXFileReference; fileEncoding = 4; lastKnownFileType = file.xib; path = ActionSheet.xib; sourceTree = "<group>"; };
		84BD8A532302BC8C0020610B /* ActionSheet+Items.swift */ = {isa = PBXFileReference; fileEncoding = 4; lastKnownFileType = sourcecode.swift; path = "ActionSheet+Items.swift"; sourceTree = "<group>"; };
		84BD8A542302BC8C0020610B /* ActionSheetItemHandler.swift */ = {isa = PBXFileReference; fileEncoding = 4; lastKnownFileType = sourcecode.swift; path = ActionSheetItemHandler.swift; sourceTree = "<group>"; };
		84BD8A552302BC8C0020610B /* ActionSheet.swift */ = {isa = PBXFileReference; fileEncoding = 4; lastKnownFileType = sourcecode.swift; path = ActionSheet.swift; sourceTree = "<group>"; };
		84BD8A562302BC8C0020610B /* ActionSheet+Scroll.swift */ = {isa = PBXFileReference; fileEncoding = 4; lastKnownFileType = sourcecode.swift; path = "ActionSheet+Scroll.swift"; sourceTree = "<group>"; };
		84BD8A572302BC8C0020610B /* ActionSheet+Presenter.swift */ = {isa = PBXFileReference; fileEncoding = 4; lastKnownFileType = sourcecode.swift; path = "ActionSheet+Presenter.swift"; sourceTree = "<group>"; };
		84BD8A592302BC8C0020610B /* StandardActionSheetAppearance.swift */ = {isa = PBXFileReference; fileEncoding = 4; lastKnownFileType = sourcecode.swift; path = StandardActionSheetAppearance.swift; sourceTree = "<group>"; };
		84BD8A5A2302BC8C0020610B /* ActionSheet+Appearance.swift */ = {isa = PBXFileReference; fileEncoding = 4; lastKnownFileType = sourcecode.swift; path = "ActionSheet+Appearance.swift"; sourceTree = "<group>"; };
		84BD8A5B2302BC8C0020610B /* ActionSheetAppearance.swift */ = {isa = PBXFileReference; fileEncoding = 4; lastKnownFileType = sourcecode.swift; path = ActionSheetAppearance.swift; sourceTree = "<group>"; };
		84BD8A5C2302BC8C0020610B /* ActionSheetColor.swift */ = {isa = PBXFileReference; fileEncoding = 4; lastKnownFileType = sourcecode.swift; path = ActionSheetColor.swift; sourceTree = "<group>"; };
		84BD8A5D2302BC8C0020610B /* UIColor+ActionSheetColor.swift */ = {isa = PBXFileReference; fileEncoding = 4; lastKnownFileType = sourcecode.swift; path = "UIColor+ActionSheetColor.swift"; sourceTree = "<group>"; };
		84BD8A5F2302BC8C0020610B /* ActionSheetPresenter.swift */ = {isa = PBXFileReference; fileEncoding = 4; lastKnownFileType = sourcecode.swift; path = ActionSheetPresenter.swift; sourceTree = "<group>"; };
		84BD8A602302BC8C0020610B /* ActionSheetStandardPresenter.swift */ = {isa = PBXFileReference; fileEncoding = 4; lastKnownFileType = sourcecode.swift; path = ActionSheetStandardPresenter.swift; sourceTree = "<group>"; };
		84BD8A612302BC8C0020610B /* ActionSheetPopoverPresenter.swift */ = {isa = PBXFileReference; fileEncoding = 4; lastKnownFileType = sourcecode.swift; path = ActionSheetPopoverPresenter.swift; sourceTree = "<group>"; };
		84BD8A632302BC8C0020610B /* UIEdgeInsets+Hidden.swift */ = {isa = PBXFileReference; fileEncoding = 4; lastKnownFileType = sourcecode.swift; path = "UIEdgeInsets+Hidden.swift"; sourceTree = "<group>"; };
		84BD8A642302BC8C0020610B /* NSObject+ClassName.swift */ = {isa = PBXFileReference; fileEncoding = 4; lastKnownFileType = sourcecode.swift; path = "NSObject+ClassName.swift"; sourceTree = "<group>"; };
		84BD8A652302BC8C0020610B /* NSObject+Bundle.swift */ = {isa = PBXFileReference; fileEncoding = 4; lastKnownFileType = sourcecode.swift; path = "NSObject+Bundle.swift"; sourceTree = "<group>"; };
		84BD8A662302BC8C0020610B /* UIViewController+RootViewController.swift */ = {isa = PBXFileReference; fileEncoding = 4; lastKnownFileType = sourcecode.swift; path = "UIViewController+RootViewController.swift"; sourceTree = "<group>"; };
		84BD8A672302BC8C0020610B /* UIView+Nib.swift */ = {isa = PBXFileReference; fileEncoding = 4; lastKnownFileType = sourcecode.swift; path = "UIView+Nib.swift"; sourceTree = "<group>"; };
		84BD8A682302BC8C0020610B /* UIView+Subviews.swift */ = {isa = PBXFileReference; fileEncoding = 4; lastKnownFileType = sourcecode.swift; path = "UIView+Subviews.swift"; sourceTree = "<group>"; };
		84BD8A6B2302BC8C0020610B /* ActionSheetOkButton.swift */ = {isa = PBXFileReference; fileEncoding = 4; lastKnownFileType = sourcecode.swift; path = ActionSheetOkButton.swift; sourceTree = "<group>"; };
		84BD8A6C2302BC8C0020610B /* ActionSheetButton.swift */ = {isa = PBXFileReference; fileEncoding = 4; lastKnownFileType = sourcecode.swift; path = ActionSheetButton.swift; sourceTree = "<group>"; };
		84BD8A6D2302BC8C0020610B /* ActionSheetCancelButton.swift */ = {isa = PBXFileReference; fileEncoding = 4; lastKnownFileType = sourcecode.swift; path = ActionSheetCancelButton.swift; sourceTree = "<group>"; };
		84BD8A6E2302BC8C0020610B /* ActionSheetDangerButton.swift */ = {isa = PBXFileReference; fileEncoding = 4; lastKnownFileType = sourcecode.swift; path = ActionSheetDangerButton.swift; sourceTree = "<group>"; };
		84BD8A702302BC8C0020610B /* ActionSheetSectionMargin.swift */ = {isa = PBXFileReference; fileEncoding = 4; lastKnownFileType = sourcecode.swift; path = ActionSheetSectionMargin.swift; sourceTree = "<group>"; };
		84BD8A712302BC8C0020610B /* ActionSheetSectionTitle.swift */ = {isa = PBXFileReference; fileEncoding = 4; lastKnownFileType = sourcecode.swift; path = ActionSheetSectionTitle.swift; sourceTree = "<group>"; };
		84BD8A722302BC8C0020610B /* ActionSheetTitle.swift */ = {isa = PBXFileReference; fileEncoding = 4; lastKnownFileType = sourcecode.swift; path = ActionSheetTitle.swift; sourceTree = "<group>"; };
		84BD8A742302BC8C0020610B /* ActionSheetMultiSelectToggleItem.swift */ = {isa = PBXFileReference; fileEncoding = 4; lastKnownFileType = sourcecode.swift; path = ActionSheetMultiSelectToggleItem.swift; sourceTree = "<group>"; };
		84BD8A752302BC8C0020610B /* ActionSheetCustomItem.swift */ = {isa = PBXFileReference; fileEncoding = 4; lastKnownFileType = sourcecode.swift; path = ActionSheetCustomItem.swift; sourceTree = "<group>"; };
		84BD8A762302BC8C0020610B /* ActionSheetSingleSelectItem.swift */ = {isa = PBXFileReference; fileEncoding = 4; lastKnownFileType = sourcecode.swift; path = ActionSheetSingleSelectItem.swift; sourceTree = "<group>"; };
		84BD8A772302BC8C0020610B /* ActionSheetSelectItem.swift */ = {isa = PBXFileReference; fileEncoding = 4; lastKnownFileType = sourcecode.swift; path = ActionSheetSelectItem.swift; sourceTree = "<group>"; };
		84BD8A782302BC8C0020610B /* ActionSheetLinkItem.swift */ = {isa = PBXFileReference; fileEncoding = 4; lastKnownFileType = sourcecode.swift; path = ActionSheetLinkItem.swift; sourceTree = "<group>"; };
		84BD8A792302BC8C0020610B /* ActionSheetMultiSelectItem.swift */ = {isa = PBXFileReference; fileEncoding = 4; lastKnownFileType = sourcecode.swift; path = ActionSheetMultiSelectItem.swift; sourceTree = "<group>"; };
		84BD8A7A2302BC8C0020610B /* ActionSheetCollectionItem.swift */ = {isa = PBXFileReference; fileEncoding = 4; lastKnownFileType = sourcecode.swift; path = ActionSheetCollectionItem.swift; sourceTree = "<group>"; };
		84BD8A7B2302BC8C0020610B /* ActionSheetCollectionItemCell.xib */ = {isa = PBXFileReference; fileEncoding = 4; lastKnownFileType = file.xib; path = ActionSheetCollectionItemCell.xib; sourceTree = "<group>"; };
		84BD8A7C2302BC8C0020610B /* ActionSheetItem.swift */ = {isa = PBXFileReference; fileEncoding = 4; lastKnownFileType = sourcecode.swift; path = ActionSheetItem.swift; sourceTree = "<group>"; };
		84BD8A7E2302BC8C0020610B /* ActionSheetTableView.swift */ = {isa = PBXFileReference; fileEncoding = 4; lastKnownFileType = sourcecode.swift; path = ActionSheetTableView.swift; sourceTree = "<group>"; };
		84BD8A7F2302BC8C0020610B /* ActionSheetButtonTableView.swift */ = {isa = PBXFileReference; fileEncoding = 4; lastKnownFileType = sourcecode.swift; path = ActionSheetButtonTableView.swift; sourceTree = "<group>"; };
		84BD8A802302BC8C0020610B /* ActionSheetItemTableView.swift */ = {isa = PBXFileReference; fileEncoding = 4; lastKnownFileType = sourcecode.swift; path = ActionSheetItemTableView.swift; sourceTree = "<group>"; };
		84BD8A812302BC8C0020610B /* ActionSheetHeaderView.swift */ = {isa = PBXFileReference; fileEncoding = 4; lastKnownFileType = sourcecode.swift; path = ActionSheetHeaderView.swift; sourceTree = "<group>"; };
		84BD8A822302BC8C0020610B /* ActionSheetBackgroundView.swift */ = {isa = PBXFileReference; fileEncoding = 4; lastKnownFileType = sourcecode.swift; path = ActionSheetBackgroundView.swift; sourceTree = "<group>"; };
		84BD8AAE2302CF380020610B /* Package.resolved */ = {isa = PBXFileReference; lastKnownFileType = text; path = Package.resolved; sourceTree = "<group>"; };
		84BD8AAF2302CF390020610B /* Package.swift */ = {isa = PBXFileReference; lastKnownFileType = sourcecode.swift; path = Package.swift; sourceTree = "<group>"; };
/* End PBXFileReference section */

/* Begin PBXFrameworksBuildPhase section */
		453C041D1FC0655C0028FA02 /* Frameworks */ = {
			isa = PBXFrameworksBuildPhase;
			buildActionMask = 2147483647;
			files = (
			);
			runOnlyForDeploymentPostprocessing = 0;
		};
		453C045A1FC065AE0028FA02 /* Frameworks */ = {
			isa = PBXFrameworksBuildPhase;
			buildActionMask = 2147483647;
			files = (
			);
			runOnlyForDeploymentPostprocessing = 0;
		};
/* End PBXFrameworksBuildPhase section */

/* Begin PBXGroup section */
		45352D802030D95500A0F890 /* Supporting Files */ = {
			isa = PBXGroup;
			children = (
				453C046B1FC065AE0028FA02 /* Info.plist */,
				453C04681FC065AE0028FA02 /* LaunchScreen.storyboard */,
				453C04631FC065AE0028FA02 /* Main.storyboard */,
			);
			name = "Supporting Files";
			sourceTree = "<group>";
		};
		453C04171FC0655C0028FA02 = {
			isa = PBXGroup;
			children = (
				453C04231FC0655C0028FA02 /* Sheeeeeeeeet */,
				453C045E1FC065AE0028FA02 /* SheeeeeeeeetExample */,
				456EAA0F1FCC203100A719ED /* Frameworks */,
				459DA1BA2056C10800644490 /* Project Files */,
				453C04221FC0655C0028FA02 /* Products */,
			);
			sourceTree = "<group>";
		};
		453C04221FC0655C0028FA02 /* Products */ = {
			isa = PBXGroup;
			children = (
				453C04211FC0655C0028FA02 /* Sheeeeeeeeet.framework */,
				453C045D1FC065AE0028FA02 /* SheeeeeeeeetExample.app */,
			);
			name = Products;
			sourceTree = "<group>";
		};
		453C04231FC0655C0028FA02 /* Sheeeeeeeeet */ = {
			isa = PBXGroup;
			children = (
				84BD8A4E2302BC8C0020610B /* Sources */,
				453C04251FC0655C0028FA02 /* Info.plist */,
				453C04241FC0655C0028FA02 /* Sheeeeeeeeet.h */,
			);
			path = Sheeeeeeeeet;
			sourceTree = "<group>";
		};
		453C045E1FC065AE0028FA02 /* SheeeeeeeeetExample */ = {
			isa = PBXGroup;
			children = (
				453C045F1FC065AE0028FA02 /* AppDelegate.swift */,
				8493967A21E7F9A200DC0AEF /* Appearance */,
				456EAA3B1FCC8FF200A719ED /* Assets */,
				459DA1B92056A0AD00644490 /* Cells */,
				456EAA3E1FCC920700A719ED /* Models */,
				45CF8FA5205BAE3800F01A3F /* Sheets */,
				45352D802030D95500A0F890 /* Supporting Files */,
				849935A9216BFE25000A0670 /* ViewController */,
			);
			path = SheeeeeeeeetExample;
			sourceTree = "<group>";
		};
		456EAA0F1FCC203100A719ED /* Frameworks */ = {
			isa = PBXGroup;
			children = (
				84243E412301A5FB00FC5AAF /* MockNRoll.framework */,
				457EC2BE1FCE1ACD000EF1AD /* Nimble.framework */,
				457EC2BD1FCE1ACD000EF1AD /* Quick.framework */,
			);
			name = Frameworks;
			sourceTree = "<group>";
		};
		456EAA171FCC615A00A719ED /* Fonts */ = {
			isa = PBXGroup;
			children = (
				456EAA181FCC615A00A719ED /* Roboto */,
			);
			path = Fonts;
			sourceTree = "<group>";
		};
		456EAA181FCC615A00A719ED /* Roboto */ = {
			isa = PBXGroup;
			children = (
				456EAA191FCC615A00A719ED /* LICENSE.txt */,
				456EAA1A1FCC615A00A719ED /* Roboto-Black.ttf */,
				456EAA1B1FCC615A00A719ED /* Roboto-BlackItalic.ttf */,
				456EAA1C1FCC615A00A719ED /* Roboto-Bold.ttf */,
				456EAA1D1FCC615A00A719ED /* Roboto-BoldItalic.ttf */,
				456EAA1E1FCC615A00A719ED /* Roboto-Italic.ttf */,
				456EAA1F1FCC615A00A719ED /* Roboto-Light.ttf */,
				456EAA201FCC615A00A719ED /* Roboto-LightItalic.ttf */,
				456EAA211FCC615A00A719ED /* Roboto-Medium.ttf */,
				456EAA221FCC615A00A719ED /* Roboto-MediumItalic.ttf */,
				456EAA231FCC615A00A719ED /* Roboto-Regular.ttf */,
				456EAA241FCC615A00A719ED /* Roboto-Thin.ttf */,
				456EAA251FCC615A00A719ED /* Roboto-ThinItalic.ttf */,
			);
			path = Roboto;
			sourceTree = "<group>";
		};
		456EAA3B1FCC8FF200A719ED /* Assets */ = {
			isa = PBXGroup;
			children = (
				453C04661FC065AE0028FA02 /* Assets.xcassets */,
				456EAA171FCC615A00A719ED /* Fonts */,
				456EAA501FCCC79800A719ED /* Images */,
			);
			path = Assets;
			sourceTree = "<group>";
		};
		456EAA3E1FCC920700A719ED /* Models */ = {
			isa = PBXGroup;
			children = (
				84243E502302211300FC5AAF /* ActionSheetMenuOption.swift */,
				84243E52230221E200FC5AAF /* AppearanceMenuOption.swift */,
				456EAA391FCC6A7700A719ED /* FoodOption.swift */,
				45CF8FAE205BB55800F01A3F /* FoodOption+ActionSheetItems.swift */,
				84243E4E23021B1D00FC5AAF /* MenuOption.swift */,
			);
			path = Models;
			sourceTree = "<group>";
		};
		456EAA501FCCC79800A719ED /* Images */ = {
			isa = PBXGroup;
			children = (
				456EAA3C1FCC8FF200A719ED /* title-image.png */,
			);
			path = Images;
			sourceTree = "<group>";
		};
		459DA1B92056A0AD00644490 /* Cells */ = {
			isa = PBXGroup;
			children = (
				84243E4A230218CB00FC5AAF /* DemoCollectionViewCell.swift */,
				1D42892A20403A18005D4369 /* DemoCollectionViewCell.xib */,
				8499359D216BE408000A0670 /* DemoCustomViewCell.swift */,
				8499359E216BE408000A0670 /* DemoCustomViewCell.xib */,
			);
			path = Cells;
			sourceTree = "<group>";
		};
		459DA1BA2056C10800644490 /* Project Files */ = {
			isa = PBXGroup;
			children = (
				459DA1BC2056C14A00644490 /* .swift-version */,
				459DA1BF2056C14A00644490 /* .swiftlint.yml */,
				459DA1C02056C14A00644490 /* .travis.yml */,
				459DA1C22056C15600644490 /* Fastfile */,
				459DA1BB2056C14900644490 /* LICENSE */,
				84BD8AAE2302CF380020610B /* Package.resolved */,
				84BD8AAF2302CF390020610B /* Package.swift */,
				459DA1BE2056C14A00644490 /* README.md */,
				8423864621EF7ED10045F121 /* Readmes */,
				843658B3219074F000B4D996 /* RELEASE_NOTES.md */,
				4512AA0020BD4DB000AD1D66 /* Sheeeeeeeeet.podspec */,
			);
			name = "Project Files";
			sourceTree = "<group>";
		};
		45CF8FA5205BAE3800F01A3F /* Sheets */ = {
			isa = PBXGroup;
			children = (
				45CF8FAA205BAF3100F01A3F /* ActionSheet+Items.swift */,
				456203C4205BD24000A3E141 /* CollectionActionSheet.swift */,
				849935A3216BF35C000A0670 /* CustomActionSheet.swift */,
				456203C0205BD00100A3E141 /* DestructiveActionSheet.swift */,
				456203C2205BD0DE00A3E141 /* HeaderActionSheet.swift */,
				454EDC61205BBE75008E4311 /* LinkActionSheet.swift */,
				45CF8FAC205BB42900F01A3F /* MultiSelectActionSheet.swift */,
				454EDC63205BCF14008E4311 /* SectionActionSheet.swift */,
				454EDC5D205BBC5F008E4311 /* SingleSelectActionSheet.swift */,
				45CF8FA6205BAE9800F01A3F /* StandardActionSheet.swift */,
			);
			path = Sheets;
			sourceTree = "<group>";
		};
		8423864621EF7ED10045F121 /* Readmes */ = {
			isa = PBXGroup;
			children = (
				8423864721EF7ED10045F121 /* Appearance.md */,
				8423864821EF7ED10045F121 /* Advanced-Example.md */,
				8423864921EF7ED10045F121 /* Items-Types.md */,
			);
			path = Readmes;
			sourceTree = "<group>";
		};
		8493967A21E7F9A200DC0AEF /* Appearance */ = {
			isa = PBXGroup;
			children = (
				849935A5216BFB9F000A0670 /* DemoAppearance.swift */,
				84243E462301A90D00FC5AAF /* DemoColorfulAppearance.swift */,
				8493967B21E7F9B200DC0AEF /* DemoFonts.swift */,
			);
			path = Appearance;
			sourceTree = "<group>";
		};
		849935A9216BFE25000A0670 /* ViewController */ = {
			isa = PBXGroup;
			children = (
				84243E5423022AC700FC5AAF /* AppearanceViewController.swift */,
				453C04611FC065AE0028FA02 /* ViewController.swift */,
				456EAA331FCC665800A719ED /* ViewController+Alert.swift */,
				840B666F2210B92600F282F2 /* ViewController+Options.swift */,
				4537E8661FD2A55F0007501C /* ViewController+TableView.swift */,
			);
			path = ViewController;
			sourceTree = "<group>";
		};
		84BD8A4E2302BC8C0020610B /* Sources */ = {
			isa = PBXGroup;
			children = (
				84BD8A4F2302BC8C0020610B /* Sheeeeeeeeet */,
			);
			path = Sources;
			sourceTree = SOURCE_ROOT;
		};
		84BD8A4F2302BC8C0020610B /* Sheeeeeeeeet */ = {
			isa = PBXGroup;
			children = (
				84BD8A502302BC8C0020610B /* ActionSheet */,
				84BD8A582302BC8C0020610B /* Appearance */,
				84BD8A5E2302BC8C0020610B /* Presenters */,
				84BD8A622302BC8C0020610B /* Extensions */,
				84BD8A692302BC8C0020610B /* Items */,
				84BD8A7D2302BC8C0020610B /* Views */,
			);
			path = Sheeeeeeeeet;
			sourceTree = "<group>";
		};
		84BD8A502302BC8C0020610B /* ActionSheet */ = {
			isa = PBXGroup;
			children = (
				84BD8A552302BC8C0020610B /* ActionSheet.swift */,
				84BD8A522302BC8C0020610B /* ActionSheet.xib */,
				84BD8A532302BC8C0020610B /* ActionSheet+Items.swift */,
				84BD8A572302BC8C0020610B /* ActionSheet+Presenter.swift */,
				84BD8A562302BC8C0020610B /* ActionSheet+Scroll.swift */,
				84BD8A542302BC8C0020610B /* ActionSheetItemHandler.swift */,
				84BD8A512302BC8C0020610B /* ActionSheetMargin.swift */,
			);
			path = ActionSheet;
			sourceTree = "<group>";
		};
		84BD8A582302BC8C0020610B /* Appearance */ = {
			isa = PBXGroup;
			children = (
				84BD8A5A2302BC8C0020610B /* ActionSheet+Appearance.swift */,
				84BD8A5B2302BC8C0020610B /* ActionSheetAppearance.swift */,
				84BD8A5C2302BC8C0020610B /* ActionSheetColor.swift */,
				84BD8A592302BC8C0020610B /* StandardActionSheetAppearance.swift */,
				84BD8A5D2302BC8C0020610B /* UIColor+ActionSheetColor.swift */,
			);
			path = Appearance;
			sourceTree = "<group>";
		};
		84BD8A5E2302BC8C0020610B /* Presenters */ = {
			isa = PBXGroup;
			children = (
				84BD8A612302BC8C0020610B /* ActionSheetPopoverPresenter.swift */,
				84BD8A5F2302BC8C0020610B /* ActionSheetPresenter.swift */,
				84BD8A602302BC8C0020610B /* ActionSheetStandardPresenter.swift */,
			);
			path = Presenters;
			sourceTree = "<group>";
		};
		84BD8A622302BC8C0020610B /* Extensions */ = {
			isa = PBXGroup;
			children = (
				84BD8A652302BC8C0020610B /* NSObject+Bundle.swift */,
				84BD8A642302BC8C0020610B /* NSObject+ClassName.swift */,
				84BD8A632302BC8C0020610B /* UIEdgeInsets+Hidden.swift */,
				84BD8A672302BC8C0020610B /* UIView+Nib.swift */,
				84BD8A682302BC8C0020610B /* UIView+Subviews.swift */,
				84BD8A662302BC8C0020610B /* UIViewController+RootViewController.swift */,
			);
			path = Extensions;
			sourceTree = "<group>";
		};
		84BD8A692302BC8C0020610B /* Items */ = {
			isa = PBXGroup;
			children = (
				84BD8A7C2302BC8C0020610B /* ActionSheetItem.swift */,
				84BD8A6A2302BC8C0020610B /* Buttons */,
				84BD8A732302BC8C0020610B /* Items */,
				84BD8A6F2302BC8C0020610B /* Titles */,
			);
			path = Items;
			sourceTree = "<group>";
		};
		84BD8A6A2302BC8C0020610B /* Buttons */ = {
			isa = PBXGroup;
			children = (
				84BD8A6C2302BC8C0020610B /* ActionSheetButton.swift */,
				84BD8A6D2302BC8C0020610B /* ActionSheetCancelButton.swift */,
				84BD8A6E2302BC8C0020610B /* ActionSheetDangerButton.swift */,
				84BD8A6B2302BC8C0020610B /* ActionSheetOkButton.swift */,
			);
			path = Buttons;
			sourceTree = "<group>";
		};
		84BD8A6F2302BC8C0020610B /* Titles */ = {
			isa = PBXGroup;
			children = (
				84BD8A702302BC8C0020610B /* ActionSheetSectionMargin.swift */,
				84BD8A712302BC8C0020610B /* ActionSheetSectionTitle.swift */,
				84BD8A722302BC8C0020610B /* ActionSheetTitle.swift */,
			);
			path = Titles;
			sourceTree = "<group>";
		};
		84BD8A732302BC8C0020610B /* Items */ = {
			isa = PBXGroup;
			children = (
				84BD8A7A2302BC8C0020610B /* ActionSheetCollectionItem.swift */,
				84BD8A7B2302BC8C0020610B /* ActionSheetCollectionItemCell.xib */,
				84BD8A752302BC8C0020610B /* ActionSheetCustomItem.swift */,
				84BD8A782302BC8C0020610B /* ActionSheetLinkItem.swift */,
				84BD8A792302BC8C0020610B /* ActionSheetMultiSelectItem.swift */,
				84BD8A742302BC8C0020610B /* ActionSheetMultiSelectToggleItem.swift */,
				84BD8A772302BC8C0020610B /* ActionSheetSelectItem.swift */,
				84BD8A762302BC8C0020610B /* ActionSheetSingleSelectItem.swift */,
			);
			path = Items;
			sourceTree = "<group>";
		};
		84BD8A7D2302BC8C0020610B /* Views */ = {
			isa = PBXGroup;
			children = (
				84BD8A822302BC8C0020610B /* ActionSheetBackgroundView.swift */,
				84BD8A7F2302BC8C0020610B /* ActionSheetButtonTableView.swift */,
				84BD8A812302BC8C0020610B /* ActionSheetHeaderView.swift */,
				84BD8A802302BC8C0020610B /* ActionSheetItemTableView.swift */,
				84BD8A7E2302BC8C0020610B /* ActionSheetTableView.swift */,
			);
			path = Views;
			sourceTree = "<group>";
		};
/* End PBXGroup section */

/* Begin PBXHeadersBuildPhase section */
		453C041E1FC0655C0028FA02 /* Headers */ = {
			isa = PBXHeadersBuildPhase;
			buildActionMask = 2147483647;
			files = (
				453C04321FC0655D0028FA02 /* Sheeeeeeeeet.h in Headers */,
			);
			runOnlyForDeploymentPostprocessing = 0;
		};
/* End PBXHeadersBuildPhase section */

/* Begin PBXNativeTarget section */
		453C04201FC0655C0028FA02 /* Sheeeeeeeeet */ = {
			isa = PBXNativeTarget;
			buildConfigurationList = 453C04351FC0655D0028FA02 /* Build configuration list for PBXNativeTarget "Sheeeeeeeeet" */;
			buildPhases = (
				456EAA0C1FCC0FF800A719ED /* Swift Lint */,
				453C041C1FC0655C0028FA02 /* Sources */,
				453C041D1FC0655C0028FA02 /* Frameworks */,
				453C041E1FC0655C0028FA02 /* Headers */,
				453C041F1FC0655C0028FA02 /* Resources */,
			);
			buildRules = (
			);
			dependencies = (
			);
			name = Sheeeeeeeeet;
			productName = Sheeeeeeeeet;
			productReference = 453C04211FC0655C0028FA02 /* Sheeeeeeeeet.framework */;
			productType = "com.apple.product-type.framework";
		};
		453C045C1FC065AE0028FA02 /* SheeeeeeeeetExample */ = {
			isa = PBXNativeTarget;
			buildConfigurationList = 453C046C1FC065AE0028FA02 /* Build configuration list for PBXNativeTarget "SheeeeeeeeetExample" */;
			buildPhases = (
				453C04591FC065AE0028FA02 /* Sources */,
				453C045A1FC065AE0028FA02 /* Frameworks */,
				453C045B1FC065AE0028FA02 /* Resources */,
				456EAA131FCC204A00A719ED /* Embed Frameworks */,
			);
			buildRules = (
			);
			dependencies = (
			);
			name = SheeeeeeeeetExample;
			productName = SheeeeeeeeetExample;
			productReference = 453C045D1FC065AE0028FA02 /* SheeeeeeeeetExample.app */;
			productType = "com.apple.product-type.application";
		};
/* End PBXNativeTarget section */

/* Begin PBXProject section */
		453C04181FC0655C0028FA02 /* Project object */ = {
			isa = PBXProject;
			attributes = {
				LastSwiftUpdateCheck = 0910;
				LastUpgradeCheck = 1000;
				ORGANIZATIONNAME = "Daniel Saidi";
				TargetAttributes = {
					453C04201FC0655C0028FA02 = {
						CreatedOnToolsVersion = 9.1;
						LastSwiftMigration = 1020;
						ProvisioningStyle = Automatic;
					};
					453C045C1FC065AE0028FA02 = {
						CreatedOnToolsVersion = 9.1;
						LastSwiftMigration = 1020;
						ProvisioningStyle = Automatic;
					};
				};
			};
			buildConfigurationList = 453C041B1FC0655C0028FA02 /* Build configuration list for PBXProject "Sheeeeeeeeet" */;
			compatibilityVersion = "Xcode 8.0";
			developmentRegion = en;
			hasScannedForEncodings = 0;
			knownRegions = (
				en,
				Base,
			);
			mainGroup = 453C04171FC0655C0028FA02;
			productRefGroup = 453C04221FC0655C0028FA02 /* Products */;
			projectDirPath = "";
			projectRoot = "";
			targets = (
				453C04201FC0655C0028FA02 /* Sheeeeeeeeet */,
				453C045C1FC065AE0028FA02 /* SheeeeeeeeetExample */,
			);
		};
/* End PBXProject section */

/* Begin PBXResourcesBuildPhase section */
		453C041F1FC0655C0028FA02 /* Resources */ = {
			isa = PBXResourcesBuildPhase;
			buildActionMask = 2147483647;
			files = (
				1D42891D20400474005D4369 /* (null) in Resources */,
				84BD8AA62302BC8C0020610B /* ActionSheetCollectionItemCell.xib in Resources */,
				84BD8A842302BC8C0020610B /* ActionSheet.xib in Resources */,
			);
			runOnlyForDeploymentPostprocessing = 0;
		};
		453C045B1FC065AE0028FA02 /* Resources */ = {
			isa = PBXResourcesBuildPhase;
			buildActionMask = 2147483647;
			files = (
				456EAA291FCC615A00A719ED /* Roboto-Bold.ttf in Resources */,
				456EAA3D1FCC8FF200A719ED /* title-image.png in Resources */,
				456EAA2D1FCC615A00A719ED /* Roboto-LightItalic.ttf in Resources */,
				456EAA2F1FCC615A00A719ED /* Roboto-MediumItalic.ttf in Resources */,
				456EAA2B1FCC615A00A719ED /* Roboto-Italic.ttf in Resources */,
				456EAA2C1FCC615A00A719ED /* Roboto-Light.ttf in Resources */,
				456EAA261FCC615A00A719ED /* LICENSE.txt in Resources */,
				1D42892120400673005D4369 /* (null) in Resources */,
				456EAA2A1FCC615A00A719ED /* Roboto-BoldItalic.ttf in Resources */,
				849935A0216BE408000A0670 /* DemoCustomViewCell.xib in Resources */,
				456EAA281FCC615A00A719ED /* Roboto-BlackItalic.ttf in Resources */,
				1D42892C20403A18005D4369 /* DemoCollectionViewCell.xib in Resources */,
				456EAA311FCC615A00A719ED /* Roboto-Thin.ttf in Resources */,
				456EAA301FCC615A00A719ED /* Roboto-Regular.ttf in Resources */,
				453C046A1FC065AE0028FA02 /* LaunchScreen.storyboard in Resources */,
				456EAA2E1FCC615A00A719ED /* Roboto-Medium.ttf in Resources */,
				456EAA321FCC615A00A719ED /* Roboto-ThinItalic.ttf in Resources */,
				456EAA271FCC615A00A719ED /* Roboto-Black.ttf in Resources */,
				453C04671FC065AE0028FA02 /* Assets.xcassets in Resources */,
				453C04651FC065AE0028FA02 /* Main.storyboard in Resources */,
			);
			runOnlyForDeploymentPostprocessing = 0;
		};
/* End PBXResourcesBuildPhase section */

/* Begin PBXShellScriptBuildPhase section */
		456EAA0C1FCC0FF800A719ED /* Swift Lint */ = {
			isa = PBXShellScriptBuildPhase;
			buildActionMask = 2147483647;
			files = (
			);
			inputPaths = (
			);
			name = "Swift Lint";
			outputPaths = (
			);
			runOnlyForDeploymentPostprocessing = 0;
			shellPath = /bin/sh;
			shellScript = "if which swiftlint >/dev/null; then\nswiftlint\nelse\necho \"SwiftLint does not exist, download from https://github.com/realm/SwiftLint\"\nfi";
		};
/* End PBXShellScriptBuildPhase section */

/* Begin PBXSourcesBuildPhase section */
		453C041C1FC0655C0028FA02 /* Sources */ = {
			isa = PBXSourcesBuildPhase;
			buildActionMask = 2147483647;
			files = (
				84BD8AA22302BC8C0020610B /* ActionSheetSelectItem.swift in Sources */,
				1D42891F20400580005D4369 /* (null) in Sources */,
				84BD8AA32302BC8C0020610B /* ActionSheetLinkItem.swift in Sources */,
				84BD8A982302BC8C0020610B /* ActionSheetOkButton.swift in Sources */,
				84BD8A972302BC8C0020610B /* UIView+Subviews.swift in Sources */,
				84BD8AA52302BC8C0020610B /* ActionSheetCollectionItem.swift in Sources */,
				84BD8A9F2302BC8C0020610B /* ActionSheetMultiSelectToggleItem.swift in Sources */,
				84BD8A902302BC8C0020610B /* ActionSheetStandardPresenter.swift in Sources */,
				84BD8A8C2302BC8C0020610B /* ActionSheetAppearance.swift in Sources */,
				84BD8AA12302BC8C0020610B /* ActionSheetSingleSelectItem.swift in Sources */,
				84BD8A992302BC8C0020610B /* ActionSheetButton.swift in Sources */,
				1D428917203F2235005D4369 /* (null) in Sources */,
				84BD8AA82302BC8C0020610B /* ActionSheetTableView.swift in Sources */,
				84BD8A9C2302BC8C0020610B /* ActionSheetSectionMargin.swift in Sources */,
				84BD8A9B2302BC8C0020610B /* ActionSheetDangerButton.swift in Sources */,
				84BD8A922302BC8C0020610B /* UIEdgeInsets+Hidden.swift in Sources */,
				84BD8A8D2302BC8C0020610B /* ActionSheetColor.swift in Sources */,
				1D428919204002F2005D4369 /* (null) in Sources */,
				84BD8AA42302BC8C0020610B /* ActionSheetMultiSelectItem.swift in Sources */,
				84BD8A9D2302BC8C0020610B /* ActionSheetSectionTitle.swift in Sources */,
				84BD8A932302BC8C0020610B /* NSObject+ClassName.swift in Sources */,
				84BD8AA72302BC8C0020610B /* ActionSheetItem.swift in Sources */,
				84BD8AAC2302BC8C0020610B /* ActionSheetBackgroundView.swift in Sources */,
				84BD8A8E2302BC8C0020610B /* UIColor+ActionSheetColor.swift in Sources */,
				84BD8A872302BC8C0020610B /* ActionSheet.swift in Sources */,
				84BD8A882302BC8C0020610B /* ActionSheet+Scroll.swift in Sources */,
				84BD8A832302BC8C0020610B /* ActionSheetMargin.swift in Sources */,
				84BD8A9A2302BC8C0020610B /* ActionSheetCancelButton.swift in Sources */,
				84BD8A8F2302BC8C0020610B /* ActionSheetPresenter.swift in Sources */,
				84BD8A942302BC8C0020610B /* NSObject+Bundle.swift in Sources */,
				84BD8A8A2302BC8C0020610B /* StandardActionSheetAppearance.swift in Sources */,
				84BD8AA02302BC8C0020610B /* ActionSheetCustomItem.swift in Sources */,
				84BD8AAB2302BC8C0020610B /* ActionSheetHeaderView.swift in Sources */,
				84BD8A9E2302BC8C0020610B /* ActionSheetTitle.swift in Sources */,
				84BD8A952302BC8C0020610B /* UIViewController+RootViewController.swift in Sources */,
				84BD8A892302BC8C0020610B /* ActionSheet+Presenter.swift in Sources */,
				84BD8AA92302BC8C0020610B /* ActionSheetButtonTableView.swift in Sources */,
				84BD8A8B2302BC8C0020610B /* ActionSheet+Appearance.swift in Sources */,
				84BD8A962302BC8C0020610B /* UIView+Nib.swift in Sources */,
				84BD8A852302BC8C0020610B /* ActionSheet+Items.swift in Sources */,
				84BD8A912302BC8C0020610B /* ActionSheetPopoverPresenter.swift in Sources */,
				84BD8AAA2302BC8C0020610B /* ActionSheetItemTableView.swift in Sources */,
				84BD8A862302BC8C0020610B /* ActionSheetItemHandler.swift in Sources */,
			);
			runOnlyForDeploymentPostprocessing = 0;
		};
		453C04591FC065AE0028FA02 /* Sources */ = {
			isa = PBXSourcesBuildPhase;
			buildActionMask = 2147483647;
			files = (
				84243E512302211300FC5AAF /* ActionSheetMenuOption.swift in Sources */,
				456203C1205BD00100A3E141 /* DestructiveActionSheet.swift in Sources */,
				84243E4F23021B1D00FC5AAF /* MenuOption.swift in Sources */,
				8493967C21E7F9B200DC0AEF /* DemoFonts.swift in Sources */,
				453C04621FC065AE0028FA02 /* ViewController.swift in Sources */,
				84243E53230221E200FC5AAF /* AppearanceMenuOption.swift in Sources */,
				453C04601FC065AE0028FA02 /* AppDelegate.swift in Sources */,
				454EDC5E205BBC5F008E4311 /* SingleSelectActionSheet.swift in Sources */,
				1D42892320400685005D4369 /* (null) in Sources */,
				45CF8FAB205BAF3100F01A3F /* ActionSheet+Items.swift in Sources */,
				45CF8FAD205BB42900F01A3F /* MultiSelectActionSheet.swift in Sources */,
				45CF8FA7205BAE9800F01A3F /* StandardActionSheet.swift in Sources */,
				454EDC62205BBE75008E4311 /* LinkActionSheet.swift in Sources */,
				840B66702210B92600F282F2 /* ViewController+Options.swift in Sources */,
				84243E472301A90D00FC5AAF /* DemoColorfulAppearance.swift in Sources */,
				454EDC64205BCF14008E4311 /* SectionActionSheet.swift in Sources */,
				456203C5205BD24000A3E141 /* CollectionActionSheet.swift in Sources */,
				456203C3205BD0DE00A3E141 /* HeaderActionSheet.swift in Sources */,
				849935A4216BF35C000A0670 /* CustomActionSheet.swift in Sources */,
				84243E5523022AC700FC5AAF /* AppearanceViewController.swift in Sources */,
				456EAA3A1FCC6A7700A719ED /* FoodOption.swift in Sources */,
				45CF8FAF205BB55800F01A3F /* FoodOption+ActionSheetItems.swift in Sources */,
				84243E4B230218CB00FC5AAF /* DemoCollectionViewCell.swift in Sources */,
				8499359F216BE408000A0670 /* DemoCustomViewCell.swift in Sources */,
				4537E8671FD2A5600007501C /* ViewController+TableView.swift in Sources */,
				849935A6216BFB9F000A0670 /* DemoAppearance.swift in Sources */,
				456EAA341FCC665800A719ED /* ViewController+Alert.swift in Sources */,
			);
			runOnlyForDeploymentPostprocessing = 0;
		};
/* End PBXSourcesBuildPhase section */

/* Begin PBXVariantGroup section */
		453C04631FC065AE0028FA02 /* Main.storyboard */ = {
			isa = PBXVariantGroup;
			children = (
				453C04641FC065AE0028FA02 /* Base */,
			);
			name = Main.storyboard;
			sourceTree = "<group>";
		};
		453C04681FC065AE0028FA02 /* LaunchScreen.storyboard */ = {
			isa = PBXVariantGroup;
			children = (
				453C04691FC065AE0028FA02 /* Base */,
			);
			name = LaunchScreen.storyboard;
			sourceTree = "<group>";
		};
/* End PBXVariantGroup section */

/* Begin XCBuildConfiguration section */
		453C04331FC0655D0028FA02 /* Debug */ = {
			isa = XCBuildConfiguration;
			buildSettings = {
				ALWAYS_SEARCH_USER_PATHS = NO;
				CLANG_ANALYZER_NONNULL = YES;
				CLANG_ANALYZER_NUMBER_OBJECT_CONVERSION = YES_AGGRESSIVE;
				CLANG_CXX_LANGUAGE_STANDARD = "gnu++14";
				CLANG_CXX_LIBRARY = "libc++";
				CLANG_ENABLE_MODULES = YES;
				CLANG_ENABLE_OBJC_ARC = YES;
				CLANG_WARN_BLOCK_CAPTURE_AUTORELEASING = YES;
				CLANG_WARN_BOOL_CONVERSION = YES;
				CLANG_WARN_COMMA = YES;
				CLANG_WARN_CONSTANT_CONVERSION = YES;
				CLANG_WARN_DEPRECATED_OBJC_IMPLEMENTATIONS = YES;
				CLANG_WARN_DIRECT_OBJC_ISA_USAGE = YES_ERROR;
				CLANG_WARN_DOCUMENTATION_COMMENTS = YES;
				CLANG_WARN_EMPTY_BODY = YES;
				CLANG_WARN_ENUM_CONVERSION = YES;
				CLANG_WARN_INFINITE_RECURSION = YES;
				CLANG_WARN_INT_CONVERSION = YES;
				CLANG_WARN_NON_LITERAL_NULL_CONVERSION = YES;
				CLANG_WARN_OBJC_IMPLICIT_RETAIN_SELF = YES;
				CLANG_WARN_OBJC_LITERAL_CONVERSION = YES;
				CLANG_WARN_OBJC_ROOT_CLASS = YES_ERROR;
				CLANG_WARN_RANGE_LOOP_ANALYSIS = YES;
				CLANG_WARN_STRICT_PROTOTYPES = YES;
				CLANG_WARN_SUSPICIOUS_MOVE = YES;
				CLANG_WARN_UNGUARDED_AVAILABILITY = YES_AGGRESSIVE;
				CLANG_WARN_UNREACHABLE_CODE = YES;
				CLANG_WARN__DUPLICATE_METHOD_MATCH = YES;
				CODE_SIGN_IDENTITY = "iPhone Developer";
				COPY_PHASE_STRIP = NO;
				CURRENT_PROJECT_VERSION = 1901161647;
				DEBUG_INFORMATION_FORMAT = dwarf;
				ENABLE_STRICT_OBJC_MSGSEND = YES;
				ENABLE_TESTABILITY = YES;
				GCC_C_LANGUAGE_STANDARD = gnu11;
				GCC_DYNAMIC_NO_PIC = NO;
				GCC_NO_COMMON_BLOCKS = YES;
				GCC_OPTIMIZATION_LEVEL = 0;
				GCC_PREPROCESSOR_DEFINITIONS = (
					"DEBUG=1",
					"$(inherited)",
				);
				GCC_WARN_64_TO_32_BIT_CONVERSION = YES;
				GCC_WARN_ABOUT_RETURN_TYPE = YES_ERROR;
				GCC_WARN_UNDECLARED_SELECTOR = YES;
				GCC_WARN_UNINITIALIZED_AUTOS = YES_AGGRESSIVE;
				GCC_WARN_UNUSED_FUNCTION = YES;
				GCC_WARN_UNUSED_VARIABLE = YES;
				IPHONEOS_DEPLOYMENT_TARGET = 9.0;
				MTL_ENABLE_DEBUG_INFO = YES;
				ONLY_ACTIVE_ARCH = YES;
				SDKROOT = iphoneos;
				SWIFT_ACTIVE_COMPILATION_CONDITIONS = DEBUG;
				SWIFT_OPTIMIZATION_LEVEL = "-Onone";
				VERSIONING_SYSTEM = "apple-generic";
				VERSION_INFO_PREFIX = "";
			};
			name = Debug;
		};
		453C04341FC0655D0028FA02 /* Release */ = {
			isa = XCBuildConfiguration;
			buildSettings = {
				ALWAYS_SEARCH_USER_PATHS = NO;
				CLANG_ANALYZER_NONNULL = YES;
				CLANG_ANALYZER_NUMBER_OBJECT_CONVERSION = YES_AGGRESSIVE;
				CLANG_CXX_LANGUAGE_STANDARD = "gnu++14";
				CLANG_CXX_LIBRARY = "libc++";
				CLANG_ENABLE_MODULES = YES;
				CLANG_ENABLE_OBJC_ARC = YES;
				CLANG_WARN_BLOCK_CAPTURE_AUTORELEASING = YES;
				CLANG_WARN_BOOL_CONVERSION = YES;
				CLANG_WARN_COMMA = YES;
				CLANG_WARN_CONSTANT_CONVERSION = YES;
				CLANG_WARN_DEPRECATED_OBJC_IMPLEMENTATIONS = YES;
				CLANG_WARN_DIRECT_OBJC_ISA_USAGE = YES_ERROR;
				CLANG_WARN_DOCUMENTATION_COMMENTS = YES;
				CLANG_WARN_EMPTY_BODY = YES;
				CLANG_WARN_ENUM_CONVERSION = YES;
				CLANG_WARN_INFINITE_RECURSION = YES;
				CLANG_WARN_INT_CONVERSION = YES;
				CLANG_WARN_NON_LITERAL_NULL_CONVERSION = YES;
				CLANG_WARN_OBJC_IMPLICIT_RETAIN_SELF = YES;
				CLANG_WARN_OBJC_LITERAL_CONVERSION = YES;
				CLANG_WARN_OBJC_ROOT_CLASS = YES_ERROR;
				CLANG_WARN_RANGE_LOOP_ANALYSIS = YES;
				CLANG_WARN_STRICT_PROTOTYPES = YES;
				CLANG_WARN_SUSPICIOUS_MOVE = YES;
				CLANG_WARN_UNGUARDED_AVAILABILITY = YES_AGGRESSIVE;
				CLANG_WARN_UNREACHABLE_CODE = YES;
				CLANG_WARN__DUPLICATE_METHOD_MATCH = YES;
				CODE_SIGN_IDENTITY = "iPhone Developer";
				COPY_PHASE_STRIP = NO;
				CURRENT_PROJECT_VERSION = 1901161647;
				DEBUG_INFORMATION_FORMAT = "dwarf-with-dsym";
				ENABLE_NS_ASSERTIONS = NO;
				ENABLE_STRICT_OBJC_MSGSEND = YES;
				GCC_C_LANGUAGE_STANDARD = gnu11;
				GCC_NO_COMMON_BLOCKS = YES;
				GCC_WARN_64_TO_32_BIT_CONVERSION = YES;
				GCC_WARN_ABOUT_RETURN_TYPE = YES_ERROR;
				GCC_WARN_UNDECLARED_SELECTOR = YES;
				GCC_WARN_UNINITIALIZED_AUTOS = YES_AGGRESSIVE;
				GCC_WARN_UNUSED_FUNCTION = YES;
				GCC_WARN_UNUSED_VARIABLE = YES;
				IPHONEOS_DEPLOYMENT_TARGET = 9.0;
				MTL_ENABLE_DEBUG_INFO = NO;
				SDKROOT = iphoneos;
				SWIFT_OPTIMIZATION_LEVEL = "-Owholemodule";
				VALIDATE_PRODUCT = YES;
				VERSIONING_SYSTEM = "apple-generic";
				VERSION_INFO_PREFIX = "";
			};
			name = Release;
		};
		453C04361FC0655D0028FA02 /* Debug */ = {
			isa = XCBuildConfiguration;
			buildSettings = {
				CLANG_ENABLE_MODULES = YES;
				CODE_SIGN_IDENTITY = "";
				CODE_SIGN_STYLE = Automatic;
				DEFINES_MODULE = YES;
				DEVELOPMENT_TEAM = PMEDFW438U;
				DYLIB_COMPATIBILITY_VERSION = 1;
				DYLIB_INSTALL_NAME_BASE = "@rpath";
				INFOPLIST_FILE = Sheeeeeeeeet/Info.plist;
				INSTALL_PATH = "$(LOCAL_LIBRARY_DIR)/Frameworks";
				LD_RUNPATH_SEARCH_PATHS = "$(inherited) @executable_path/Frameworks @loader_path/Frameworks";
				PRODUCT_BUNDLE_IDENTIFIER = com.danielsaidi.Sheeeeeeeeet;
				PRODUCT_NAME = "$(TARGET_NAME:c99extidentifier)";
				SKIP_INSTALL = YES;
				SWIFT_OPTIMIZATION_LEVEL = "-Onone";
				SWIFT_VERSION = 5.0;
				TARGETED_DEVICE_FAMILY = "1,2";
			};
			name = Debug;
		};
		453C04371FC0655D0028FA02 /* Release */ = {
			isa = XCBuildConfiguration;
			buildSettings = {
				CLANG_ENABLE_MODULES = YES;
				CODE_SIGN_IDENTITY = "";
				CODE_SIGN_STYLE = Automatic;
				DEFINES_MODULE = YES;
				DEVELOPMENT_TEAM = PMEDFW438U;
				DYLIB_COMPATIBILITY_VERSION = 1;
				DYLIB_INSTALL_NAME_BASE = "@rpath";
				INFOPLIST_FILE = Sheeeeeeeeet/Info.plist;
				INSTALL_PATH = "$(LOCAL_LIBRARY_DIR)/Frameworks";
				LD_RUNPATH_SEARCH_PATHS = "$(inherited) @executable_path/Frameworks @loader_path/Frameworks";
				PRODUCT_BUNDLE_IDENTIFIER = com.danielsaidi.Sheeeeeeeeet;
				PRODUCT_NAME = "$(TARGET_NAME:c99extidentifier)";
				SKIP_INSTALL = YES;
				SWIFT_VERSION = 5.0;
				TARGETED_DEVICE_FAMILY = "1,2";
			};
			name = Release;
		};
		453C046D1FC065AE0028FA02 /* Debug */ = {
			isa = XCBuildConfiguration;
			buildSettings = {
				ALWAYS_EMBED_SWIFT_STANDARD_LIBRARIES = YES;
				ASSETCATALOG_COMPILER_APPICON_NAME = AppIcon;
				CODE_SIGN_STYLE = Automatic;
				DEVELOPMENT_TEAM = PMEDFW438U;
				INFOPLIST_FILE = SheeeeeeeeetExample/Info.plist;
				LD_RUNPATH_SEARCH_PATHS = "$(inherited) @executable_path/Frameworks";
				PRODUCT_BUNDLE_IDENTIFIER = com.danielsaidi.SheeeeeeeeetExample;
				PRODUCT_NAME = "$(TARGET_NAME)";
				SWIFT_VERSION = 5.0;
				TARGETED_DEVICE_FAMILY = "1,2";
			};
			name = Debug;
		};
		453C046E1FC065AE0028FA02 /* Release */ = {
			isa = XCBuildConfiguration;
			buildSettings = {
				ALWAYS_EMBED_SWIFT_STANDARD_LIBRARIES = YES;
				ASSETCATALOG_COMPILER_APPICON_NAME = AppIcon;
				CODE_SIGN_STYLE = Automatic;
				DEVELOPMENT_TEAM = PMEDFW438U;
				INFOPLIST_FILE = SheeeeeeeeetExample/Info.plist;
				LD_RUNPATH_SEARCH_PATHS = "$(inherited) @executable_path/Frameworks";
				PRODUCT_BUNDLE_IDENTIFIER = com.danielsaidi.SheeeeeeeeetExample;
				PRODUCT_NAME = "$(TARGET_NAME)";
				SWIFT_VERSION = 5.0;
				TARGETED_DEVICE_FAMILY = "1,2";
			};
			name = Release;
		};
/* End XCBuildConfiguration section */

/* Begin XCConfigurationList section */
		453C041B1FC0655C0028FA02 /* Build configuration list for PBXProject "Sheeeeeeeeet" */ = {
			isa = XCConfigurationList;
			buildConfigurations = (
				453C04331FC0655D0028FA02 /* Debug */,
				453C04341FC0655D0028FA02 /* Release */,
			);
			defaultConfigurationIsVisible = 0;
			defaultConfigurationName = Release;
		};
		453C04351FC0655D0028FA02 /* Build configuration list for PBXNativeTarget "Sheeeeeeeeet" */ = {
			isa = XCConfigurationList;
			buildConfigurations = (
				453C04361FC0655D0028FA02 /* Debug */,
				453C04371FC0655D0028FA02 /* Release */,
			);
			defaultConfigurationIsVisible = 0;
			defaultConfigurationName = Release;
		};
		453C046C1FC065AE0028FA02 /* Build configuration list for PBXNativeTarget "SheeeeeeeeetExample" */ = {
			isa = XCConfigurationList;
			buildConfigurations = (
				453C046D1FC065AE0028FA02 /* Debug */,
				453C046E1FC065AE0028FA02 /* Release */,
			);
			defaultConfigurationIsVisible = 0;
			defaultConfigurationName = Release;
		};
/* End XCConfigurationList section */
	};
	rootObject = 453C04181FC0655C0028FA02 /* Project object */;
}
