// !$*UTF8*$!
{
	archiveVersion = 1;
	classes = {
	};
	objectVersion = 48;
	objects = {

/* Begin PBXBuildFile section */
		1D428917203F2235005D4369 /* (null) in Sources */ = {isa = PBXBuildFile; };
		1D428919204002F2005D4369 /* (null) in Sources */ = {isa = PBXBuildFile; };
		1D42891D20400474005D4369 /* (null) in Resources */ = {isa = PBXBuildFile; };
		1D42891F20400580005D4369 /* (null) in Sources */ = {isa = PBXBuildFile; };
		1D42892120400673005D4369 /* (null) in Resources */ = {isa = PBXBuildFile; };
		1D42892320400685005D4369 /* (null) in Sources */ = {isa = PBXBuildFile; };
		1D428926204039B4005D4369 /* ActionSheetCollectionItemCell.xib in Resources */ = {isa = PBXBuildFile; fileRef = 1D428924204039B4005D4369 /* ActionSheetCollectionItemCell.xib */; };
		1D428927204039B4005D4369 /* ActionSheetCollectionItemCell.swift in Sources */ = {isa = PBXBuildFile; fileRef = 1D428925204039B4005D4369 /* ActionSheetCollectionItemCell.swift */; };
		1D428929204039C0005D4369 /* ActionSheetCollectionItemAppearance.swift in Sources */ = {isa = PBXBuildFile; fileRef = 1D428928204039C0005D4369 /* ActionSheetCollectionItemAppearance.swift */; };
		1D42892C20403A18005D4369 /* MyCollectionViewCell.xib in Resources */ = {isa = PBXBuildFile; fileRef = 1D42892A20403A18005D4369 /* MyCollectionViewCell.xib */; };
		1D42892D20403A18005D4369 /* MyCollectionViewCell.swift in Sources */ = {isa = PBXBuildFile; fileRef = 1D42892B20403A18005D4369 /* MyCollectionViewCell.swift */; };
		1D42892F20403A48005D4369 /* ActionSheetCollectionItem.swift in Sources */ = {isa = PBXBuildFile; fileRef = 1D42892E20403A48005D4369 /* ActionSheetCollectionItem.swift */; };
		4531B7EA203E3373001CE86B /* ActionSheetMargin.swift in Sources */ = {isa = PBXBuildFile; fileRef = 4531B7E9203E3373001CE86B /* ActionSheetMargin.swift */; };
		45352D642030BC0E00A0F890 /* ActionSheetButtonTests.swift in Sources */ = {isa = PBXBuildFile; fileRef = 45352D582030BC0E00A0F890 /* ActionSheetButtonTests.swift */; };
		45352D652030BC0E00A0F890 /* ActionSheetSectionTitleTests.swift in Sources */ = {isa = PBXBuildFile; fileRef = 45352D592030BC0E00A0F890 /* ActionSheetSectionTitleTests.swift */; };
		45352D662030BC0E00A0F890 /* ActionSheetDangerButtonTests.swift in Sources */ = {isa = PBXBuildFile; fileRef = 45352D5A2030BC0E00A0F890 /* ActionSheetDangerButtonTests.swift */; };
		45352D672030BC0E00A0F890 /* ActionSheetItemTests.swift in Sources */ = {isa = PBXBuildFile; fileRef = 45352D5B2030BC0E00A0F890 /* ActionSheetItemTests.swift */; };
		45352D682030BC0E00A0F890 /* ActionSheetLinkItemTests.swift in Sources */ = {isa = PBXBuildFile; fileRef = 45352D5C2030BC0E00A0F890 /* ActionSheetLinkItemTests.swift */; };
		45352D692030BC0E00A0F890 /* ActionSheetSectionMarginTests.swift in Sources */ = {isa = PBXBuildFile; fileRef = 45352D5D2030BC0E00A0F890 /* ActionSheetSectionMarginTests.swift */; };
		45352D6B2030BC0E00A0F890 /* ActionSheetCancelButtonTests.swift in Sources */ = {isa = PBXBuildFile; fileRef = 45352D5F2030BC0E00A0F890 /* ActionSheetCancelButtonTests.swift */; };
		45352D6C2030BC0E00A0F890 /* ActionSheetOkButtonTests.swift in Sources */ = {isa = PBXBuildFile; fileRef = 45352D602030BC0E00A0F890 /* ActionSheetOkButtonTests.swift */; };
		45352D6E2030BC0E00A0F890 /* ActionSheetSelectItemTests.swift in Sources */ = {isa = PBXBuildFile; fileRef = 45352D622030BC0E00A0F890 /* ActionSheetSelectItemTests.swift */; };
		45352D6F2030BC0E00A0F890 /* ActionSheetTitleTests.swift in Sources */ = {isa = PBXBuildFile; fileRef = 45352D632030BC0E00A0F890 /* ActionSheetTitleTests.swift */; };
		4537E8591FD167590007501C /* ActionSheetPresenterBase.swift in Sources */ = {isa = PBXBuildFile; fileRef = 4537E8581FD167590007501C /* ActionSheetPresenterBase.swift */; };
		4537E85B1FD179E30007501C /* UIView+Shadow.swift in Sources */ = {isa = PBXBuildFile; fileRef = 4537E85A1FD179E30007501C /* UIView+Shadow.swift */; };
		4537E85D1FD17B1A0007501C /* UIView+Blur.swift in Sources */ = {isa = PBXBuildFile; fileRef = 4537E85C1FD17B1A0007501C /* UIView+Blur.swift */; };
		4537E8611FD1A6BE0007501C /* UIViewController+RootViewController.swift in Sources */ = {isa = PBXBuildFile; fileRef = 4537E8601FD1A6BE0007501C /* UIViewController+RootViewController.swift */; };
		4537E8671FD2A5600007501C /* ViewController+TableView.swift in Sources */ = {isa = PBXBuildFile; fileRef = 4537E8661FD2A55F0007501C /* ViewController+TableView.swift */; };
		453C04321FC0655D0028FA02 /* Sheeeeeeeeet.h in Headers */ = {isa = PBXBuildFile; fileRef = 453C04241FC0655C0028FA02 /* Sheeeeeeeeet.h */; settings = {ATTRIBUTES = (Public, ); }; };
		453C04601FC065AE0028FA02 /* AppDelegate.swift in Sources */ = {isa = PBXBuildFile; fileRef = 453C045F1FC065AE0028FA02 /* AppDelegate.swift */; };
		453C04621FC065AE0028FA02 /* ViewController.swift in Sources */ = {isa = PBXBuildFile; fileRef = 453C04611FC065AE0028FA02 /* ViewController.swift */; };
		453C04651FC065AE0028FA02 /* Main.storyboard in Resources */ = {isa = PBXBuildFile; fileRef = 453C04631FC065AE0028FA02 /* Main.storyboard */; };
		453C04671FC065AE0028FA02 /* Assets.xcassets in Resources */ = {isa = PBXBuildFile; fileRef = 453C04661FC065AE0028FA02 /* Assets.xcassets */; };
		453C046A1FC065AE0028FA02 /* LaunchScreen.storyboard in Resources */ = {isa = PBXBuildFile; fileRef = 453C04681FC065AE0028FA02 /* LaunchScreen.storyboard */; };
		453C04701FC0666F0028FA02 /* ActionSheet.swift in Sources */ = {isa = PBXBuildFile; fileRef = 453C046F1FC0666F0028FA02 /* ActionSheet.swift */; };
		453C04761FC069B50028FA02 /* ActionSheetPresenter.swift in Sources */ = {isa = PBXBuildFile; fileRef = 453C04751FC069B50028FA02 /* ActionSheetPresenter.swift */; };
		453C04781FC0E8940028FA02 /* ActionSheetAppearance.swift in Sources */ = {isa = PBXBuildFile; fileRef = 453C04771FC0E8940028FA02 /* ActionSheetAppearance.swift */; };
		453C047D1FC161B70028FA02 /* UIView+Empty.swift in Sources */ = {isa = PBXBuildFile; fileRef = 453C047C1FC161B70028FA02 /* UIView+Empty.swift */; };
		453C04821FC16A370028FA02 /* ActionSheetTitleAppearance.swift in Sources */ = {isa = PBXBuildFile; fileRef = 453C04811FC16A370028FA02 /* ActionSheetTitleAppearance.swift */; };
		453C04861FC2241C0028FA02 /* ActionSheetSectionTitleAppearance.swift in Sources */ = {isa = PBXBuildFile; fileRef = 453C04851FC2241C0028FA02 /* ActionSheetSectionTitleAppearance.swift */; };
		453C796F2093189700DE42B5 /* ActionSheet+PresenterTests.swift in Sources */ = {isa = PBXBuildFile; fileRef = 453C796E2093189700DE42B5 /* ActionSheet+PresenterTests.swift */; };
		453C797120931BAC00DE42B5 /* ActionSheet+Presenter.swift in Sources */ = {isa = PBXBuildFile; fileRef = 453C797020931BAC00DE42B5 /* ActionSheet+Presenter.swift */; };
		454093C62060168F0079F29D /* ActionSheetSingleSelectItemAppearance.swift in Sources */ = {isa = PBXBuildFile; fileRef = 454093C52060168F0079F29D /* ActionSheetSingleSelectItemAppearance.swift */; };
		454EDC5E205BBC5F008E4311 /* SingleSelectActionSheet.swift in Sources */ = {isa = PBXBuildFile; fileRef = 454EDC5D205BBC5F008E4311 /* SingleSelectActionSheet.swift */; };
		454EDC62205BBE75008E4311 /* LinkActionSheet.swift in Sources */ = {isa = PBXBuildFile; fileRef = 454EDC61205BBE75008E4311 /* LinkActionSheet.swift */; };
		454EDC64205BCF14008E4311 /* SectionActionSheet.swift in Sources */ = {isa = PBXBuildFile; fileRef = 454EDC63205BCF14008E4311 /* SectionActionSheet.swift */; };
		455DEE2C206E116F00173E67 /* ActionSheetPopoverPresenterTests.swift in Sources */ = {isa = PBXBuildFile; fileRef = 455DEE2B206E116F00173E67 /* ActionSheetPopoverPresenterTests.swift */; };
		455DEE36206F705000173E67 /* ActionSheetMultiSelectItemAppearance.swift in Sources */ = {isa = PBXBuildFile; fileRef = 455DEE35206F705000173E67 /* ActionSheetMultiSelectItemAppearance.swift */; };
		455DEE38206F70C400173E67 /* ActionSheetMultiSelectItem.swift in Sources */ = {isa = PBXBuildFile; fileRef = 455DEE37206F70C400173E67 /* ActionSheetMultiSelectItem.swift */; };
		455DEE3A206F71B500173E67 /* ActionSheetMultiSelectItemTests.swift in Sources */ = {isa = PBXBuildFile; fileRef = 455DEE39206F71B500173E67 /* ActionSheetMultiSelectItemTests.swift */; };
		455DEE3C206F733700173E67 /* ActionSheetMultiSelectToggleItem.swift in Sources */ = {isa = PBXBuildFile; fileRef = 455DEE3B206F733700173E67 /* ActionSheetMultiSelectToggleItem.swift */; };
		455DEE3E206F735300173E67 /* ActionSheetMultiSelectToggleItemAppearance.swift in Sources */ = {isa = PBXBuildFile; fileRef = 455DEE3D206F735300173E67 /* ActionSheetMultiSelectToggleItemAppearance.swift */; };
		455DEE40206F76E300173E67 /* ActionSheetMultiSelectToggleItemTests.swift in Sources */ = {isa = PBXBuildFile; fileRef = 455DEE3F206F76E300173E67 /* ActionSheetMultiSelectToggleItemTests.swift */; };
		456203C1205BD00100A3E141 /* DestructiveActionSheet.swift in Sources */ = {isa = PBXBuildFile; fileRef = 456203C0205BD00100A3E141 /* DestructiveActionSheet.swift */; };
		456203C3205BD0DE00A3E141 /* HeaderActionSheet.swift in Sources */ = {isa = PBXBuildFile; fileRef = 456203C2205BD0DE00A3E141 /* HeaderActionSheet.swift */; };
		456203C5205BD24000A3E141 /* CollectionActionSheet.swift in Sources */ = {isa = PBXBuildFile; fileRef = 456203C4205BD24000A3E141 /* CollectionActionSheet.swift */; };
		456EA9FB1FCAC9CC00A719ED /* ActionSheetSelectItem.swift in Sources */ = {isa = PBXBuildFile; fileRef = 456EA9FA1FCAC9CC00A719ED /* ActionSheetSelectItem.swift */; };
		456EA9FD1FCB109500A719ED /* ActionSheetCancelButton.swift in Sources */ = {isa = PBXBuildFile; fileRef = 456EA9FC1FCB109500A719ED /* ActionSheetCancelButton.swift */; };
		456EA9FF1FCB10A900A719ED /* ActionSheetLinkItem.swift in Sources */ = {isa = PBXBuildFile; fileRef = 456EA9FE1FCB10A900A719ED /* ActionSheetLinkItem.swift */; };
		456EAA011FCB10B800A719ED /* ActionSheetOkButton.swift in Sources */ = {isa = PBXBuildFile; fileRef = 456EAA001FCB10B800A719ED /* ActionSheetOkButton.swift */; };
		456EAA031FCB10F000A719ED /* ActionSheetSectionTitle.swift in Sources */ = {isa = PBXBuildFile; fileRef = 456EAA021FCB10F000A719ED /* ActionSheetSectionTitle.swift */; };
		456EAA051FCB110B00A719ED /* ActionSheetTitle.swift in Sources */ = {isa = PBXBuildFile; fileRef = 456EAA041FCB110B00A719ED /* ActionSheetTitle.swift */; };
		456EAA071FCBF47E00A719ED /* ActionSheetButtonItemAppearance.swift in Sources */ = {isa = PBXBuildFile; fileRef = 456EAA061FCBF47E00A719ED /* ActionSheetButtonItemAppearance.swift */; };
		456EAA091FCBF4A800A719ED /* ActionSheetButton.swift in Sources */ = {isa = PBXBuildFile; fileRef = 456EAA081FCBF4A800A719ED /* ActionSheetButton.swift */; };
		456EAA0E1FCC13A400A719ED /* ActionSheetDefaultPresenter.swift in Sources */ = {isa = PBXBuildFile; fileRef = 456EAA0D1FCC13A400A719ED /* ActionSheetDefaultPresenter.swift */; };
		456EAA121FCC204A00A719ED /* Sheeeeeeeeet.framework in Embed Frameworks */ = {isa = PBXBuildFile; fileRef = 453C04211FC0655C0028FA02 /* Sheeeeeeeeet.framework */; settings = {ATTRIBUTES = (CodeSignOnCopy, RemoveHeadersOnCopy, ); }; };
		456EAA261FCC615A00A719ED /* LICENSE.txt in Resources */ = {isa = PBXBuildFile; fileRef = 456EAA191FCC615A00A719ED /* LICENSE.txt */; };
		456EAA271FCC615A00A719ED /* Roboto-Black.ttf in Resources */ = {isa = PBXBuildFile; fileRef = 456EAA1A1FCC615A00A719ED /* Roboto-Black.ttf */; };
		456EAA281FCC615A00A719ED /* Roboto-BlackItalic.ttf in Resources */ = {isa = PBXBuildFile; fileRef = 456EAA1B1FCC615A00A719ED /* Roboto-BlackItalic.ttf */; };
		456EAA291FCC615A00A719ED /* Roboto-Bold.ttf in Resources */ = {isa = PBXBuildFile; fileRef = 456EAA1C1FCC615A00A719ED /* Roboto-Bold.ttf */; };
		456EAA2A1FCC615A00A719ED /* Roboto-BoldItalic.ttf in Resources */ = {isa = PBXBuildFile; fileRef = 456EAA1D1FCC615A00A719ED /* Roboto-BoldItalic.ttf */; };
		456EAA2B1FCC615A00A719ED /* Roboto-Italic.ttf in Resources */ = {isa = PBXBuildFile; fileRef = 456EAA1E1FCC615A00A719ED /* Roboto-Italic.ttf */; };
		456EAA2C1FCC615A00A719ED /* Roboto-Light.ttf in Resources */ = {isa = PBXBuildFile; fileRef = 456EAA1F1FCC615A00A719ED /* Roboto-Light.ttf */; };
		456EAA2D1FCC615A00A719ED /* Roboto-LightItalic.ttf in Resources */ = {isa = PBXBuildFile; fileRef = 456EAA201FCC615A00A719ED /* Roboto-LightItalic.ttf */; };
		456EAA2E1FCC615A00A719ED /* Roboto-Medium.ttf in Resources */ = {isa = PBXBuildFile; fileRef = 456EAA211FCC615A00A719ED /* Roboto-Medium.ttf */; };
		456EAA2F1FCC615A00A719ED /* Roboto-MediumItalic.ttf in Resources */ = {isa = PBXBuildFile; fileRef = 456EAA221FCC615A00A719ED /* Roboto-MediumItalic.ttf */; };
		456EAA301FCC615A00A719ED /* Roboto-Regular.ttf in Resources */ = {isa = PBXBuildFile; fileRef = 456EAA231FCC615A00A719ED /* Roboto-Regular.ttf */; };
		456EAA311FCC615A00A719ED /* Roboto-Thin.ttf in Resources */ = {isa = PBXBuildFile; fileRef = 456EAA241FCC615A00A719ED /* Roboto-Thin.ttf */; };
		456EAA321FCC615A00A719ED /* Roboto-ThinItalic.ttf in Resources */ = {isa = PBXBuildFile; fileRef = 456EAA251FCC615A00A719ED /* Roboto-ThinItalic.ttf */; };
		456EAA341FCC665800A719ED /* ViewController+Alerts.swift in Sources */ = {isa = PBXBuildFile; fileRef = 456EAA331FCC665800A719ED /* ViewController+Alerts.swift */; };
		456EAA3A1FCC6A7700A719ED /* FoodOption.swift in Sources */ = {isa = PBXBuildFile; fileRef = 456EAA391FCC6A7700A719ED /* FoodOption.swift */; };
		456EAA3D1FCC8FF200A719ED /* title-image.png in Resources */ = {isa = PBXBuildFile; fileRef = 456EAA3C1FCC8FF200A719ED /* title-image.png */; };
		456EAA401FCC922100A719ED /* TableViewOption.swift in Sources */ = {isa = PBXBuildFile; fileRef = 456EAA3F1FCC922100A719ED /* TableViewOption.swift */; };
		456EAA441FCCA03700A719ED /* UIColor+Hex.swift in Sources */ = {isa = PBXBuildFile; fileRef = 456EAA431FCCA03700A719ED /* UIColor+Hex.swift */; };
		456EAA461FCCA7F100A719ED /* ActionSheetDangerButtonAppearance.swift in Sources */ = {isa = PBXBuildFile; fileRef = 456EAA451FCCA7F100A719ED /* ActionSheetDangerButtonAppearance.swift */; };
		456EAA481FCCA84F00A719ED /* ActionSheetDangerButton.swift in Sources */ = {isa = PBXBuildFile; fileRef = 456EAA471FCCA84F00A719ED /* ActionSheetDangerButton.swift */; };
		456EAA4A1FCCB10200A719ED /* ActionSheetSectionMarginAppearance.swift in Sources */ = {isa = PBXBuildFile; fileRef = 456EAA491FCCB10200A719ED /* ActionSheetSectionMarginAppearance.swift */; };
		456EAA4C1FCCB13000A719ED /* ActionSheetSectionMargin.swift in Sources */ = {isa = PBXBuildFile; fileRef = 456EAA4B1FCCB13000A719ED /* ActionSheetSectionMargin.swift */; };
		456EAA611FCE0E1C00A719ED /* Sheeeeeeeeet.framework in Frameworks */ = {isa = PBXBuildFile; fileRef = 453C04211FC0655C0028FA02 /* Sheeeeeeeeet.framework */; };
		457EC2BF1FCE1ACD000EF1AD /* Quick.framework in Frameworks */ = {isa = PBXBuildFile; fileRef = 457EC2BD1FCE1ACD000EF1AD /* Quick.framework */; };
		457EC2C01FCE1ACD000EF1AD /* Nimble.framework in Frameworks */ = {isa = PBXBuildFile; fileRef = 457EC2BE1FCE1ACD000EF1AD /* Nimble.framework */; };
		457EC2C21FCE1ADF000EF1AD /* Nimble.framework in CopyFiles */ = {isa = PBXBuildFile; fileRef = 457EC2BE1FCE1ACD000EF1AD /* Nimble.framework */; settings = {ATTRIBUTES = (CodeSignOnCopy, RemoveHeadersOnCopy, ); }; };
		457EC2C31FCE1ADF000EF1AD /* Quick.framework in CopyFiles */ = {isa = PBXBuildFile; fileRef = 457EC2BD1FCE1ACD000EF1AD /* Quick.framework */; settings = {ATTRIBUTES = (CodeSignOnCopy, RemoveHeadersOnCopy, ); }; };
		457EC2C51FCE1AFE000EF1AD /* ActionSheetTests.swift in Sources */ = {isa = PBXBuildFile; fileRef = 457EC2C41FCE1AFE000EF1AD /* ActionSheetTests.swift */; };
		459DA1B720568D9B00644490 /* ActionSheetCollectionItemContentCell.swift in Sources */ = {isa = PBXBuildFile; fileRef = 459DA1B620568D9B00644490 /* ActionSheetCollectionItemContentCell.swift */; };
		459DA1C42056C4F900644490 /* ActionSheetSingleSelectItem.swift in Sources */ = {isa = PBXBuildFile; fileRef = 459DA1C32056C4F900644490 /* ActionSheetSingleSelectItem.swift */; };
		459DA1C62056C6B400644490 /* ActionSheetSingleSelectItemTests.swift in Sources */ = {isa = PBXBuildFile; fileRef = 459DA1C52056C6B400644490 /* ActionSheetSingleSelectItemTests.swift */; };
		45A488E42028CD0500822C21 /* DemoAppearance.swift in Sources */ = {isa = PBXBuildFile; fileRef = 45A488E32028CD0500822C21 /* DemoAppearance.swift */; };
		45CF8FA7205BAE9800F01A3F /* StandardActionSheet.swift in Sources */ = {isa = PBXBuildFile; fileRef = 45CF8FA6205BAE9800F01A3F /* StandardActionSheet.swift */; };
		45CF8FAB205BAF3100F01A3F /* ActionSheet+Items.swift in Sources */ = {isa = PBXBuildFile; fileRef = 45CF8FAA205BAF3100F01A3F /* ActionSheet+Items.swift */; };
		45CF8FAD205BB42900F01A3F /* MultiSelectActionSheet.swift in Sources */ = {isa = PBXBuildFile; fileRef = 45CF8FAC205BB42900F01A3F /* MultiSelectActionSheet.swift */; };
		45CF8FAF205BB55800F01A3F /* FoodOption+ActionSheetItems.swift in Sources */ = {isa = PBXBuildFile; fileRef = 45CF8FAE205BB55800F01A3F /* FoodOption+ActionSheetItems.swift */; };
		45EB3FC61FC8420900EF555E /* ActionSheetItemAppearance.swift in Sources */ = {isa = PBXBuildFile; fileRef = 45EB3FC51FC8420900EF555E /* ActionSheetItemAppearance.swift */; };
		45EB3FC81FC8423400EF555E /* ActionSheetSelectItemAppearance.swift in Sources */ = {isa = PBXBuildFile; fileRef = 45EB3FC71FC8423400EF555E /* ActionSheetSelectItemAppearance.swift */; };
		45EB3FCA1FC842C400EF555E /* ActionSheetLinkItemAppearance.swift in Sources */ = {isa = PBXBuildFile; fileRef = 45EB3FC91FC842C400EF555E /* ActionSheetLinkItemAppearance.swift */; };
		45EB3FCE1FC84B1500EF555E /* ActionSheetOkButtonAppearance.swift in Sources */ = {isa = PBXBuildFile; fileRef = 45EB3FCD1FC84B1500EF555E /* ActionSheetOkButtonAppearance.swift */; };
		45EB3FD01FC84B4400EF555E /* ActionSheetCancelButtonAppearance.swift in Sources */ = {isa = PBXBuildFile; fileRef = 45EB3FCF1FC84B4400EF555E /* ActionSheetCancelButtonAppearance.swift */; };
		45EB3FD41FC84FD200EF555E /* NSObject+ClassName.swift in Sources */ = {isa = PBXBuildFile; fileRef = 45EB3FD31FC84FD200EF555E /* NSObject+ClassName.swift */; };
		45EB3FD81FC8509A00EF555E /* ActionSheetItem.swift in Sources */ = {isa = PBXBuildFile; fileRef = 45EB3FD71FC8509A00EF555E /* ActionSheetItem.swift */; };
		45EB3FDA1FC8521700EF555E /* ActionSheetItemCell.swift in Sources */ = {isa = PBXBuildFile; fileRef = 45EB3FD91FC8521700EF555E /* ActionSheetItemCell.swift */; };
		45EB3FDC1FC856D200EF555E /* ActionSheetPopoverPresenter.swift in Sources */ = {isa = PBXBuildFile; fileRef = 45EB3FDB1FC856D200EF555E /* ActionSheetPopoverPresenter.swift */; };
		45EB3FDE1FC8575500EF555E /* ActionSheetPopoverApperance.swift in Sources */ = {isa = PBXBuildFile; fileRef = 45EB3FDD1FC8575500EF555E /* ActionSheetPopoverApperance.swift */; };
		45EB3FE51FC87B1500EF555E /* ActionSheetItemHandler.swift in Sources */ = {isa = PBXBuildFile; fileRef = 45EB3FE41FC87B1500EF555E /* ActionSheetItemHandler.swift */; };
		45F969DD1FD1411D00292F28 /* ActionSheetPopPresenter.swift in Sources */ = {isa = PBXBuildFile; fileRef = 45F969DC1FD1411D00292F28 /* ActionSheetPopPresenter.swift */; };
/* End PBXBuildFile section */

/* Begin PBXContainerItemProxy section */
		456EAA621FCE0E1C00A719ED /* PBXContainerItemProxy */ = {
			isa = PBXContainerItemProxy;
			containerPortal = 453C04181FC0655C0028FA02 /* Project object */;
			proxyType = 1;
			remoteGlobalIDString = 453C04201FC0655C0028FA02;
			remoteInfo = Sheeeeeeeeet;
		};
		456EAA761FCE17CC00A719ED /* PBXContainerItemProxy */ = {
			isa = PBXContainerItemProxy;
			containerPortal = 453C04181FC0655C0028FA02 /* Project object */;
			proxyType = 1;
			remoteGlobalIDString = 453C045C1FC065AE0028FA02;
			remoteInfo = SheeeeeeeeetExample;
		};
/* End PBXContainerItemProxy section */

/* Begin PBXCopyFilesBuildPhase section */
		456EAA131FCC204A00A719ED /* Embed Frameworks */ = {
			isa = PBXCopyFilesBuildPhase;
			buildActionMask = 2147483647;
			dstPath = "";
			dstSubfolderSpec = 10;
			files = (
				456EAA121FCC204A00A719ED /* Sheeeeeeeeet.framework in Embed Frameworks */,
			);
			name = "Embed Frameworks";
			runOnlyForDeploymentPostprocessing = 0;
		};
		456EAA6D1FCE165900A719ED /* CopyFiles */ = {
			isa = PBXCopyFilesBuildPhase;
			buildActionMask = 2147483647;
			dstPath = "";
			dstSubfolderSpec = 10;
			files = (
				457EC2C21FCE1ADF000EF1AD /* Nimble.framework in CopyFiles */,
				457EC2C31FCE1ADF000EF1AD /* Quick.framework in CopyFiles */,
			);
			runOnlyForDeploymentPostprocessing = 0;
		};
/* End PBXCopyFilesBuildPhase section */

/* Begin PBXFileReference section */
		1D428924204039B4005D4369 /* ActionSheetCollectionItemCell.xib */ = {isa = PBXFileReference; fileEncoding = 4; lastKnownFileType = file.xib; path = ActionSheetCollectionItemCell.xib; sourceTree = "<group>"; };
		1D428925204039B4005D4369 /* ActionSheetCollectionItemCell.swift */ = {isa = PBXFileReference; fileEncoding = 4; lastKnownFileType = sourcecode.swift; path = ActionSheetCollectionItemCell.swift; sourceTree = "<group>"; };
		1D428928204039C0005D4369 /* ActionSheetCollectionItemAppearance.swift */ = {isa = PBXFileReference; fileEncoding = 4; lastKnownFileType = sourcecode.swift; path = ActionSheetCollectionItemAppearance.swift; sourceTree = "<group>"; };
		1D42892A20403A18005D4369 /* MyCollectionViewCell.xib */ = {isa = PBXFileReference; fileEncoding = 4; lastKnownFileType = file.xib; path = MyCollectionViewCell.xib; sourceTree = "<group>"; };
		1D42892B20403A18005D4369 /* MyCollectionViewCell.swift */ = {isa = PBXFileReference; fileEncoding = 4; lastKnownFileType = sourcecode.swift; path = MyCollectionViewCell.swift; sourceTree = "<group>"; };
		1D42892E20403A48005D4369 /* ActionSheetCollectionItem.swift */ = {isa = PBXFileReference; fileEncoding = 4; lastKnownFileType = sourcecode.swift; path = ActionSheetCollectionItem.swift; sourceTree = "<group>"; };
		4531B7E9203E3373001CE86B /* ActionSheetMargin.swift */ = {isa = PBXFileReference; lastKnownFileType = sourcecode.swift; path = ActionSheetMargin.swift; sourceTree = "<group>"; };
		45352D582030BC0E00A0F890 /* ActionSheetButtonTests.swift */ = {isa = PBXFileReference; fileEncoding = 4; lastKnownFileType = sourcecode.swift; path = ActionSheetButtonTests.swift; sourceTree = "<group>"; };
		45352D592030BC0E00A0F890 /* ActionSheetSectionTitleTests.swift */ = {isa = PBXFileReference; fileEncoding = 4; lastKnownFileType = sourcecode.swift; path = ActionSheetSectionTitleTests.swift; sourceTree = "<group>"; };
		45352D5A2030BC0E00A0F890 /* ActionSheetDangerButtonTests.swift */ = {isa = PBXFileReference; fileEncoding = 4; lastKnownFileType = sourcecode.swift; path = ActionSheetDangerButtonTests.swift; sourceTree = "<group>"; };
		45352D5B2030BC0E00A0F890 /* ActionSheetItemTests.swift */ = {isa = PBXFileReference; fileEncoding = 4; lastKnownFileType = sourcecode.swift; path = ActionSheetItemTests.swift; sourceTree = "<group>"; };
		45352D5C2030BC0E00A0F890 /* ActionSheetLinkItemTests.swift */ = {isa = PBXFileReference; fileEncoding = 4; lastKnownFileType = sourcecode.swift; path = ActionSheetLinkItemTests.swift; sourceTree = "<group>"; };
		45352D5D2030BC0E00A0F890 /* ActionSheetSectionMarginTests.swift */ = {isa = PBXFileReference; fileEncoding = 4; lastKnownFileType = sourcecode.swift; path = ActionSheetSectionMarginTests.swift; sourceTree = "<group>"; };
		45352D5F2030BC0E00A0F890 /* ActionSheetCancelButtonTests.swift */ = {isa = PBXFileReference; fileEncoding = 4; lastKnownFileType = sourcecode.swift; path = ActionSheetCancelButtonTests.swift; sourceTree = "<group>"; };
		45352D602030BC0E00A0F890 /* ActionSheetOkButtonTests.swift */ = {isa = PBXFileReference; fileEncoding = 4; lastKnownFileType = sourcecode.swift; path = ActionSheetOkButtonTests.swift; sourceTree = "<group>"; };
		45352D622030BC0E00A0F890 /* ActionSheetSelectItemTests.swift */ = {isa = PBXFileReference; fileEncoding = 4; lastKnownFileType = sourcecode.swift; path = ActionSheetSelectItemTests.swift; sourceTree = "<group>"; };
		45352D632030BC0E00A0F890 /* ActionSheetTitleTests.swift */ = {isa = PBXFileReference; fileEncoding = 4; lastKnownFileType = sourcecode.swift; path = ActionSheetTitleTests.swift; sourceTree = "<group>"; };
		4537E8581FD167590007501C /* ActionSheetPresenterBase.swift */ = {isa = PBXFileReference; lastKnownFileType = sourcecode.swift; path = ActionSheetPresenterBase.swift; sourceTree = "<group>"; };
		4537E85A1FD179E30007501C /* UIView+Shadow.swift */ = {isa = PBXFileReference; lastKnownFileType = sourcecode.swift; path = "UIView+Shadow.swift"; sourceTree = "<group>"; };
		4537E85C1FD17B1A0007501C /* UIView+Blur.swift */ = {isa = PBXFileReference; lastKnownFileType = sourcecode.swift; path = "UIView+Blur.swift"; sourceTree = "<group>"; };
		4537E8601FD1A6BE0007501C /* UIViewController+RootViewController.swift */ = {isa = PBXFileReference; lastKnownFileType = sourcecode.swift; path = "UIViewController+RootViewController.swift"; sourceTree = "<group>"; };
		4537E8661FD2A55F0007501C /* ViewController+TableView.swift */ = {isa = PBXFileReference; lastKnownFileType = sourcecode.swift; path = "ViewController+TableView.swift"; sourceTree = "<group>"; };
		453C04211FC0655C0028FA02 /* Sheeeeeeeeet.framework */ = {isa = PBXFileReference; explicitFileType = wrapper.framework; includeInIndex = 0; path = Sheeeeeeeeet.framework; sourceTree = BUILT_PRODUCTS_DIR; };
		453C04241FC0655C0028FA02 /* Sheeeeeeeeet.h */ = {isa = PBXFileReference; lastKnownFileType = sourcecode.c.h; path = Sheeeeeeeeet.h; sourceTree = "<group>"; };
		453C04251FC0655C0028FA02 /* Info.plist */ = {isa = PBXFileReference; lastKnownFileType = text.plist.xml; path = Info.plist; sourceTree = "<group>"; };
		453C045D1FC065AE0028FA02 /* SheeeeeeeeetExample.app */ = {isa = PBXFileReference; explicitFileType = wrapper.application; includeInIndex = 0; path = SheeeeeeeeetExample.app; sourceTree = BUILT_PRODUCTS_DIR; };
		453C045F1FC065AE0028FA02 /* AppDelegate.swift */ = {isa = PBXFileReference; lastKnownFileType = sourcecode.swift; path = AppDelegate.swift; sourceTree = "<group>"; };
		453C04611FC065AE0028FA02 /* ViewController.swift */ = {isa = PBXFileReference; lastKnownFileType = sourcecode.swift; path = ViewController.swift; sourceTree = "<group>"; };
		453C04641FC065AE0028FA02 /* Base */ = {isa = PBXFileReference; lastKnownFileType = file.storyboard; name = Base; path = Base.lproj/Main.storyboard; sourceTree = "<group>"; };
		453C04661FC065AE0028FA02 /* Assets.xcassets */ = {isa = PBXFileReference; lastKnownFileType = folder.assetcatalog; path = Assets.xcassets; sourceTree = "<group>"; };
		453C04691FC065AE0028FA02 /* Base */ = {isa = PBXFileReference; lastKnownFileType = file.storyboard; name = Base; path = Base.lproj/LaunchScreen.storyboard; sourceTree = "<group>"; };
		453C046B1FC065AE0028FA02 /* Info.plist */ = {isa = PBXFileReference; lastKnownFileType = text.plist.xml; path = Info.plist; sourceTree = "<group>"; };
		453C046F1FC0666F0028FA02 /* ActionSheet.swift */ = {isa = PBXFileReference; lastKnownFileType = sourcecode.swift; path = ActionSheet.swift; sourceTree = "<group>"; };
		453C04751FC069B50028FA02 /* ActionSheetPresenter.swift */ = {isa = PBXFileReference; lastKnownFileType = sourcecode.swift; path = ActionSheetPresenter.swift; sourceTree = "<group>"; };
		453C04771FC0E8940028FA02 /* ActionSheetAppearance.swift */ = {isa = PBXFileReference; lastKnownFileType = sourcecode.swift; path = ActionSheetAppearance.swift; sourceTree = "<group>"; };
		453C047C1FC161B70028FA02 /* UIView+Empty.swift */ = {isa = PBXFileReference; lastKnownFileType = sourcecode.swift; path = "UIView+Empty.swift"; sourceTree = "<group>"; };
		453C04811FC16A370028FA02 /* ActionSheetTitleAppearance.swift */ = {isa = PBXFileReference; lastKnownFileType = sourcecode.swift; path = ActionSheetTitleAppearance.swift; sourceTree = "<group>"; };
		453C04851FC2241C0028FA02 /* ActionSheetSectionTitleAppearance.swift */ = {isa = PBXFileReference; lastKnownFileType = sourcecode.swift; path = ActionSheetSectionTitleAppearance.swift; sourceTree = "<group>"; };
		453C796E2093189700DE42B5 /* ActionSheet+PresenterTests.swift */ = {isa = PBXFileReference; lastKnownFileType = sourcecode.swift; path = "ActionSheet+PresenterTests.swift"; sourceTree = "<group>"; };
		453C797020931BAC00DE42B5 /* ActionSheet+Presenter.swift */ = {isa = PBXFileReference; lastKnownFileType = sourcecode.swift; path = "ActionSheet+Presenter.swift"; sourceTree = "<group>"; };
		454093C52060168F0079F29D /* ActionSheetSingleSelectItemAppearance.swift */ = {isa = PBXFileReference; lastKnownFileType = sourcecode.swift; path = ActionSheetSingleSelectItemAppearance.swift; sourceTree = "<group>"; };
		454093C7206018B90079F29D /* RELEASENOTES.md */ = {isa = PBXFileReference; lastKnownFileType = net.daringfireball.markdown; path = RELEASENOTES.md; sourceTree = "<group>"; };
		454EDC5D205BBC5F008E4311 /* SingleSelectActionSheet.swift */ = {isa = PBXFileReference; lastKnownFileType = sourcecode.swift; path = SingleSelectActionSheet.swift; sourceTree = "<group>"; };
		454EDC61205BBE75008E4311 /* LinkActionSheet.swift */ = {isa = PBXFileReference; lastKnownFileType = sourcecode.swift; path = LinkActionSheet.swift; sourceTree = "<group>"; };
		454EDC63205BCF14008E4311 /* SectionActionSheet.swift */ = {isa = PBXFileReference; lastKnownFileType = sourcecode.swift; path = SectionActionSheet.swift; sourceTree = "<group>"; };
		455DEE2B206E116F00173E67 /* ActionSheetPopoverPresenterTests.swift */ = {isa = PBXFileReference; lastKnownFileType = sourcecode.swift; path = ActionSheetPopoverPresenterTests.swift; sourceTree = "<group>"; };
		455DEE35206F705000173E67 /* ActionSheetMultiSelectItemAppearance.swift */ = {isa = PBXFileReference; lastKnownFileType = sourcecode.swift; path = ActionSheetMultiSelectItemAppearance.swift; sourceTree = "<group>"; };
		455DEE37206F70C400173E67 /* ActionSheetMultiSelectItem.swift */ = {isa = PBXFileReference; lastKnownFileType = sourcecode.swift; path = ActionSheetMultiSelectItem.swift; sourceTree = "<group>"; };
		455DEE39206F71B500173E67 /* ActionSheetMultiSelectItemTests.swift */ = {isa = PBXFileReference; lastKnownFileType = sourcecode.swift; path = ActionSheetMultiSelectItemTests.swift; sourceTree = "<group>"; };
		455DEE3B206F733700173E67 /* ActionSheetMultiSelectToggleItem.swift */ = {isa = PBXFileReference; lastKnownFileType = sourcecode.swift; path = ActionSheetMultiSelectToggleItem.swift; sourceTree = "<group>"; };
		455DEE3D206F735300173E67 /* ActionSheetMultiSelectToggleItemAppearance.swift */ = {isa = PBXFileReference; lastKnownFileType = sourcecode.swift; path = ActionSheetMultiSelectToggleItemAppearance.swift; sourceTree = "<group>"; };
		455DEE3F206F76E300173E67 /* ActionSheetMultiSelectToggleItemTests.swift */ = {isa = PBXFileReference; lastKnownFileType = sourcecode.swift; path = ActionSheetMultiSelectToggleItemTests.swift; sourceTree = "<group>"; };
		456203C0205BD00100A3E141 /* DestructiveActionSheet.swift */ = {isa = PBXFileReference; lastKnownFileType = sourcecode.swift; path = DestructiveActionSheet.swift; sourceTree = "<group>"; };
		456203C2205BD0DE00A3E141 /* HeaderActionSheet.swift */ = {isa = PBXFileReference; lastKnownFileType = sourcecode.swift; path = HeaderActionSheet.swift; sourceTree = "<group>"; };
		456203C4205BD24000A3E141 /* CollectionActionSheet.swift */ = {isa = PBXFileReference; lastKnownFileType = sourcecode.swift; path = CollectionActionSheet.swift; sourceTree = "<group>"; };
		456EA9FA1FCAC9CC00A719ED /* ActionSheetSelectItem.swift */ = {isa = PBXFileReference; lastKnownFileType = sourcecode.swift; path = ActionSheetSelectItem.swift; sourceTree = "<group>"; };
		456EA9FC1FCB109500A719ED /* ActionSheetCancelButton.swift */ = {isa = PBXFileReference; lastKnownFileType = sourcecode.swift; path = ActionSheetCancelButton.swift; sourceTree = "<group>"; };
		456EA9FE1FCB10A900A719ED /* ActionSheetLinkItem.swift */ = {isa = PBXFileReference; lastKnownFileType = sourcecode.swift; path = ActionSheetLinkItem.swift; sourceTree = "<group>"; };
		456EAA001FCB10B800A719ED /* ActionSheetOkButton.swift */ = {isa = PBXFileReference; lastKnownFileType = sourcecode.swift; path = ActionSheetOkButton.swift; sourceTree = "<group>"; };
		456EAA021FCB10F000A719ED /* ActionSheetSectionTitle.swift */ = {isa = PBXFileReference; lastKnownFileType = sourcecode.swift; path = ActionSheetSectionTitle.swift; sourceTree = "<group>"; };
		456EAA041FCB110B00A719ED /* ActionSheetTitle.swift */ = {isa = PBXFileReference; lastKnownFileType = sourcecode.swift; path = ActionSheetTitle.swift; sourceTree = "<group>"; };
		456EAA061FCBF47E00A719ED /* ActionSheetButtonItemAppearance.swift */ = {isa = PBXFileReference; lastKnownFileType = sourcecode.swift; path = ActionSheetButtonItemAppearance.swift; sourceTree = "<group>"; };
		456EAA081FCBF4A800A719ED /* ActionSheetButton.swift */ = {isa = PBXFileReference; lastKnownFileType = sourcecode.swift; path = ActionSheetButton.swift; sourceTree = "<group>"; };
		456EAA0D1FCC13A400A719ED /* ActionSheetDefaultPresenter.swift */ = {isa = PBXFileReference; lastKnownFileType = sourcecode.swift; path = ActionSheetDefaultPresenter.swift; sourceTree = "<group>"; };
		456EAA191FCC615A00A719ED /* LICENSE.txt */ = {isa = PBXFileReference; fileEncoding = 4; lastKnownFileType = text; path = LICENSE.txt; sourceTree = "<group>"; };
		456EAA1A1FCC615A00A719ED /* Roboto-Black.ttf */ = {isa = PBXFileReference; lastKnownFileType = file; path = "Roboto-Black.ttf"; sourceTree = "<group>"; };
		456EAA1B1FCC615A00A719ED /* Roboto-BlackItalic.ttf */ = {isa = PBXFileReference; lastKnownFileType = file; path = "Roboto-BlackItalic.ttf"; sourceTree = "<group>"; };
		456EAA1C1FCC615A00A719ED /* Roboto-Bold.ttf */ = {isa = PBXFileReference; lastKnownFileType = file; path = "Roboto-Bold.ttf"; sourceTree = "<group>"; };
		456EAA1D1FCC615A00A719ED /* Roboto-BoldItalic.ttf */ = {isa = PBXFileReference; lastKnownFileType = file; path = "Roboto-BoldItalic.ttf"; sourceTree = "<group>"; };
		456EAA1E1FCC615A00A719ED /* Roboto-Italic.ttf */ = {isa = PBXFileReference; lastKnownFileType = file; path = "Roboto-Italic.ttf"; sourceTree = "<group>"; };
		456EAA1F1FCC615A00A719ED /* Roboto-Light.ttf */ = {isa = PBXFileReference; lastKnownFileType = file; path = "Roboto-Light.ttf"; sourceTree = "<group>"; };
		456EAA201FCC615A00A719ED /* Roboto-LightItalic.ttf */ = {isa = PBXFileReference; lastKnownFileType = file; path = "Roboto-LightItalic.ttf"; sourceTree = "<group>"; };
		456EAA211FCC615A00A719ED /* Roboto-Medium.ttf */ = {isa = PBXFileReference; lastKnownFileType = file; path = "Roboto-Medium.ttf"; sourceTree = "<group>"; };
		456EAA221FCC615A00A719ED /* Roboto-MediumItalic.ttf */ = {isa = PBXFileReference; lastKnownFileType = file; path = "Roboto-MediumItalic.ttf"; sourceTree = "<group>"; };
		456EAA231FCC615A00A719ED /* Roboto-Regular.ttf */ = {isa = PBXFileReference; lastKnownFileType = file; path = "Roboto-Regular.ttf"; sourceTree = "<group>"; };
		456EAA241FCC615A00A719ED /* Roboto-Thin.ttf */ = {isa = PBXFileReference; lastKnownFileType = file; path = "Roboto-Thin.ttf"; sourceTree = "<group>"; };
		456EAA251FCC615A00A719ED /* Roboto-ThinItalic.ttf */ = {isa = PBXFileReference; lastKnownFileType = file; path = "Roboto-ThinItalic.ttf"; sourceTree = "<group>"; };
		456EAA331FCC665800A719ED /* ViewController+Alerts.swift */ = {isa = PBXFileReference; lastKnownFileType = sourcecode.swift; path = "ViewController+Alerts.swift"; sourceTree = "<group>"; };
		456EAA391FCC6A7700A719ED /* FoodOption.swift */ = {isa = PBXFileReference; lastKnownFileType = sourcecode.swift; path = FoodOption.swift; sourceTree = "<group>"; };
		456EAA3C1FCC8FF200A719ED /* title-image.png */ = {isa = PBXFileReference; lastKnownFileType = image.png; path = "title-image.png"; sourceTree = "<group>"; };
		456EAA3F1FCC922100A719ED /* TableViewOption.swift */ = {isa = PBXFileReference; lastKnownFileType = sourcecode.swift; path = TableViewOption.swift; sourceTree = "<group>"; };
		456EAA431FCCA03700A719ED /* UIColor+Hex.swift */ = {isa = PBXFileReference; lastKnownFileType = sourcecode.swift; path = "UIColor+Hex.swift"; sourceTree = "<group>"; };
		456EAA451FCCA7F100A719ED /* ActionSheetDangerButtonAppearance.swift */ = {isa = PBXFileReference; lastKnownFileType = sourcecode.swift; path = ActionSheetDangerButtonAppearance.swift; sourceTree = "<group>"; };
		456EAA471FCCA84F00A719ED /* ActionSheetDangerButton.swift */ = {isa = PBXFileReference; lastKnownFileType = sourcecode.swift; path = ActionSheetDangerButton.swift; sourceTree = "<group>"; };
		456EAA491FCCB10200A719ED /* ActionSheetSectionMarginAppearance.swift */ = {isa = PBXFileReference; lastKnownFileType = sourcecode.swift; path = ActionSheetSectionMarginAppearance.swift; sourceTree = "<group>"; };
		456EAA4B1FCCB13000A719ED /* ActionSheetSectionMargin.swift */ = {isa = PBXFileReference; lastKnownFileType = sourcecode.swift; path = ActionSheetSectionMargin.swift; sourceTree = "<group>"; };
		456EAA5C1FCE0E1C00A719ED /* SheeeeeeeeetTests.xctest */ = {isa = PBXFileReference; explicitFileType = wrapper.cfbundle; includeInIndex = 0; path = SheeeeeeeeetTests.xctest; sourceTree = BUILT_PRODUCTS_DIR; };
		456EAA601FCE0E1C00A719ED /* Info.plist */ = {isa = PBXFileReference; lastKnownFileType = text.plist.xml; path = Info.plist; sourceTree = "<group>"; };
		457EC2BD1FCE1ACD000EF1AD /* Quick.framework */ = {isa = PBXFileReference; lastKnownFileType = wrapper.framework; name = Quick.framework; path = Carthage/Build/iOS/Quick.framework; sourceTree = "<group>"; };
		457EC2BE1FCE1ACD000EF1AD /* Nimble.framework */ = {isa = PBXFileReference; lastKnownFileType = wrapper.framework; name = Nimble.framework; path = Carthage/Build/iOS/Nimble.framework; sourceTree = "<group>"; };
		457EC2C41FCE1AFE000EF1AD /* ActionSheetTests.swift */ = {isa = PBXFileReference; lastKnownFileType = sourcecode.swift; path = ActionSheetTests.swift; sourceTree = "<group>"; };
		459DA1B620568D9B00644490 /* ActionSheetCollectionItemContentCell.swift */ = {isa = PBXFileReference; lastKnownFileType = sourcecode.swift; path = ActionSheetCollectionItemContentCell.swift; sourceTree = "<group>"; };
		459DA1BB2056C14900644490 /* LICENSE */ = {isa = PBXFileReference; lastKnownFileType = text; path = LICENSE; sourceTree = "<group>"; };
		459DA1BC2056C14A00644490 /* .swift-version */ = {isa = PBXFileReference; lastKnownFileType = text; path = ".swift-version"; sourceTree = "<group>"; };
		459DA1BD2056C14A00644490 /* Cartfile.private */ = {isa = PBXFileReference; lastKnownFileType = text; path = Cartfile.private; sourceTree = "<group>"; };
		459DA1BE2056C14A00644490 /* README.md */ = {isa = PBXFileReference; lastKnownFileType = net.daringfireball.markdown; path = README.md; sourceTree = "<group>"; };
		459DA1BF2056C14A00644490 /* .swiftlint.yml */ = {isa = PBXFileReference; lastKnownFileType = text; path = .swiftlint.yml; sourceTree = "<group>"; };
		459DA1C02056C14A00644490 /* .travis.yml */ = {isa = PBXFileReference; lastKnownFileType = text; path = .travis.yml; sourceTree = "<group>"; };
		459DA1C12056C14A00644490 /* Cartfile */ = {isa = PBXFileReference; lastKnownFileType = text; path = Cartfile; sourceTree = "<group>"; };
		459DA1C22056C15600644490 /* Fastfile */ = {isa = PBXFileReference; lastKnownFileType = text; name = Fastfile; path = Fastlane/Fastfile; sourceTree = "<group>"; };
		459DA1C32056C4F900644490 /* ActionSheetSingleSelectItem.swift */ = {isa = PBXFileReference; lastKnownFileType = sourcecode.swift; path = ActionSheetSingleSelectItem.swift; sourceTree = "<group>"; };
		459DA1C52056C6B400644490 /* ActionSheetSingleSelectItemTests.swift */ = {isa = PBXFileReference; lastKnownFileType = sourcecode.swift; path = ActionSheetSingleSelectItemTests.swift; sourceTree = "<group>"; };
		45A488E32028CD0500822C21 /* DemoAppearance.swift */ = {isa = PBXFileReference; lastKnownFileType = sourcecode.swift; path = DemoAppearance.swift; sourceTree = "<group>"; };
		45CF8FA6205BAE9800F01A3F /* StandardActionSheet.swift */ = {isa = PBXFileReference; lastKnownFileType = sourcecode.swift; path = StandardActionSheet.swift; sourceTree = "<group>"; };
		45CF8FAA205BAF3100F01A3F /* ActionSheet+Items.swift */ = {isa = PBXFileReference; lastKnownFileType = sourcecode.swift; path = "ActionSheet+Items.swift"; sourceTree = "<group>"; };
		45CF8FAC205BB42900F01A3F /* MultiSelectActionSheet.swift */ = {isa = PBXFileReference; lastKnownFileType = sourcecode.swift; path = MultiSelectActionSheet.swift; sourceTree = "<group>"; };
		45CF8FAE205BB55800F01A3F /* FoodOption+ActionSheetItems.swift */ = {isa = PBXFileReference; lastKnownFileType = sourcecode.swift; path = "FoodOption+ActionSheetItems.swift"; sourceTree = "<group>"; };
		45EB3FC51FC8420900EF555E /* ActionSheetItemAppearance.swift */ = {isa = PBXFileReference; lastKnownFileType = sourcecode.swift; path = ActionSheetItemAppearance.swift; sourceTree = "<group>"; };
		45EB3FC71FC8423400EF555E /* ActionSheetSelectItemAppearance.swift */ = {isa = PBXFileReference; lastKnownFileType = sourcecode.swift; path = ActionSheetSelectItemAppearance.swift; sourceTree = "<group>"; };
		45EB3FC91FC842C400EF555E /* ActionSheetLinkItemAppearance.swift */ = {isa = PBXFileReference; lastKnownFileType = sourcecode.swift; path = ActionSheetLinkItemAppearance.swift; sourceTree = "<group>"; };
		45EB3FCD1FC84B1500EF555E /* ActionSheetOkButtonAppearance.swift */ = {isa = PBXFileReference; lastKnownFileType = sourcecode.swift; path = ActionSheetOkButtonAppearance.swift; sourceTree = "<group>"; };
		45EB3FCF1FC84B4400EF555E /* ActionSheetCancelButtonAppearance.swift */ = {isa = PBXFileReference; lastKnownFileType = sourcecode.swift; path = ActionSheetCancelButtonAppearance.swift; sourceTree = "<group>"; };
		45EB3FD31FC84FD200EF555E /* NSObject+ClassName.swift */ = {isa = PBXFileReference; lastKnownFileType = sourcecode.swift; path = "NSObject+ClassName.swift"; sourceTree = "<group>"; };
		45EB3FD71FC8509A00EF555E /* ActionSheetItem.swift */ = {isa = PBXFileReference; lastKnownFileType = sourcecode.swift; path = ActionSheetItem.swift; sourceTree = "<group>"; };
		45EB3FD91FC8521700EF555E /* ActionSheetItemCell.swift */ = {isa = PBXFileReference; lastKnownFileType = sourcecode.swift; path = ActionSheetItemCell.swift; sourceTree = "<group>"; };
		45EB3FDB1FC856D200EF555E /* ActionSheetPopoverPresenter.swift */ = {isa = PBXFileReference; lastKnownFileType = sourcecode.swift; path = ActionSheetPopoverPresenter.swift; sourceTree = "<group>"; };
		45EB3FDD1FC8575500EF555E /* ActionSheetPopoverApperance.swift */ = {isa = PBXFileReference; lastKnownFileType = sourcecode.swift; path = ActionSheetPopoverApperance.swift; sourceTree = "<group>"; };
		45EB3FE41FC87B1500EF555E /* ActionSheetItemHandler.swift */ = {isa = PBXFileReference; lastKnownFileType = sourcecode.swift; path = ActionSheetItemHandler.swift; sourceTree = "<group>"; };
		45F969DC1FD1411D00292F28 /* ActionSheetPopPresenter.swift */ = {isa = PBXFileReference; lastKnownFileType = sourcecode.swift; path = ActionSheetPopPresenter.swift; sourceTree = "<group>"; };
/* End PBXFileReference section */

/* Begin PBXFrameworksBuildPhase section */
		453C041D1FC0655C0028FA02 /* Frameworks */ = {
			isa = PBXFrameworksBuildPhase;
			buildActionMask = 2147483647;
			files = (
			);
			runOnlyForDeploymentPostprocessing = 0;
		};
		453C045A1FC065AE0028FA02 /* Frameworks */ = {
			isa = PBXFrameworksBuildPhase;
			buildActionMask = 2147483647;
			files = (
			);
			runOnlyForDeploymentPostprocessing = 0;
		};
		456EAA591FCE0E1C00A719ED /* Frameworks */ = {
			isa = PBXFrameworksBuildPhase;
			buildActionMask = 2147483647;
			files = (
				457EC2BF1FCE1ACD000EF1AD /* Quick.framework in Frameworks */,
				457EC2C01FCE1ACD000EF1AD /* Nimble.framework in Frameworks */,
				456EAA611FCE0E1C00A719ED /* Sheeeeeeeeet.framework in Frameworks */,
			);
			runOnlyForDeploymentPostprocessing = 0;
		};
/* End PBXFrameworksBuildPhase section */

/* Begin PBXGroup section */
		45352D572030BBC900A0F890 /* Items */ = {
			isa = PBXGroup;
			children = (
				45352D5B2030BC0E00A0F890 /* ActionSheetItemTests.swift */,
				45352D5C2030BC0E00A0F890 /* ActionSheetLinkItemTests.swift */,
				455DEE39206F71B500173E67 /* ActionSheetMultiSelectItemTests.swift */,
				455DEE3F206F76E300173E67 /* ActionSheetMultiSelectToggleItemTests.swift */,
				45352D622030BC0E00A0F890 /* ActionSheetSelectItemTests.swift */,
				459DA1C52056C6B400644490 /* ActionSheetSingleSelectItemTests.swift */,
				455DEE2F206F675D00173E67 /* Buttons */,
				455DEE30206F676300173E67 /* Titles */,
			);
			path = Items;
			sourceTree = "<group>";
		};
		45352D802030D95500A0F890 /* Supporting Files */ = {
			isa = PBXGroup;
			children = (
				453C046B1FC065AE0028FA02 /* Info.plist */,
			);
			name = "Supporting Files";
			sourceTree = "<group>";
		};
		453C04171FC0655C0028FA02 = {
			isa = PBXGroup;
			children = (
				453C04231FC0655C0028FA02 /* Sheeeeeeeeet */,
				453C045E1FC065AE0028FA02 /* SheeeeeeeeetExample */,
				456EAA5D1FCE0E1C00A719ED /* SheeeeeeeeetTests */,
				456EAA0F1FCC203100A719ED /* Frameworks */,
				459DA1BA2056C10800644490 /* Library Files */,
				453C04221FC0655C0028FA02 /* Products */,
			);
			sourceTree = "<group>";
		};
		453C04221FC0655C0028FA02 /* Products */ = {
			isa = PBXGroup;
			children = (
				453C04211FC0655C0028FA02 /* Sheeeeeeeeet.framework */,
				453C045D1FC065AE0028FA02 /* SheeeeeeeeetExample.app */,
				456EAA5C1FCE0E1C00A719ED /* SheeeeeeeeetTests.xctest */,
			);
			name = Products;
			sourceTree = "<group>";
		};
		453C04231FC0655C0028FA02 /* Sheeeeeeeeet */ = {
			isa = PBXGroup;
			children = (
				453C797220931BFB00DE42B5 /* ActionSheet */,
				453C04801FC16A220028FA02 /* Appearance */,
				453C047B1FC161AA0028FA02 /* Extensions */,
				453C04251FC0655C0028FA02 /* Info.plist */,
				453C04731FC069940028FA02 /* Items */,
				453C04741FC0699D0028FA02 /* Presenters */,
				453C04241FC0655C0028FA02 /* Sheeeeeeeeet.h */,
				459DA1B820568E4500644490 /* Views */,
			);
			path = Sheeeeeeeeet;
			sourceTree = "<group>";
		};
		453C045E1FC065AE0028FA02 /* SheeeeeeeeetExample */ = {
			isa = PBXGroup;
			children = (
				45CF8FA5205BAE3800F01A3F /* ActionSheets */,
				453C045F1FC065AE0028FA02 /* AppDelegate.swift */,
				45A488E22028CCE500822C21 /* Appearance */,
				456EAA3B1FCC8FF200A719ED /* Assets */,
				459DA1B92056A0AD00644490 /* Cells */,
				456EAA421FCCA02E00A719ED /* Extensions */,
				453C04681FC065AE0028FA02 /* LaunchScreen.storyboard */,
				453C04631FC065AE0028FA02 /* Main.storyboard */,
				456EAA3E1FCC920700A719ED /* Options */,
				45352D802030D95500A0F890 /* Supporting Files */,
				453C04611FC065AE0028FA02 /* ViewController.swift */,
				456EAA331FCC665800A719ED /* ViewController+Alerts.swift */,
				4537E8661FD2A55F0007501C /* ViewController+TableView.swift */,
			);
			path = SheeeeeeeeetExample;
			sourceTree = "<group>";
		};
		453C04731FC069940028FA02 /* Items */ = {
			isa = PBXGroup;
			children = (
				1D42892E20403A48005D4369 /* ActionSheetCollectionItem.swift */,
				45EB3FD71FC8509A00EF555E /* ActionSheetItem.swift */,
				456EA9FE1FCB10A900A719ED /* ActionSheetLinkItem.swift */,
				455DEE37206F70C400173E67 /* ActionSheetMultiSelectItem.swift */,
				455DEE3B206F733700173E67 /* ActionSheetMultiSelectToggleItem.swift */,
				456EA9FA1FCAC9CC00A719ED /* ActionSheetSelectItem.swift */,
				459DA1C32056C4F900644490 /* ActionSheetSingleSelectItem.swift */,
				455DEE2D206F670200173E67 /* Buttons */,
				455DEE2E206F671000173E67 /* Titles */,
			);
			path = Items;
			sourceTree = "<group>";
		};
		453C04741FC0699D0028FA02 /* Presenters */ = {
			isa = PBXGroup;
			children = (
				453C04751FC069B50028FA02 /* ActionSheetPresenter.swift */,
				4537E8581FD167590007501C /* ActionSheetPresenterBase.swift */,
				456EAA0D1FCC13A400A719ED /* ActionSheetDefaultPresenter.swift */,
				45F969DC1FD1411D00292F28 /* ActionSheetPopPresenter.swift */,
				45EB3FDB1FC856D200EF555E /* ActionSheetPopoverPresenter.swift */,
			);
			path = Presenters;
			sourceTree = "<group>";
		};
		453C047B1FC161AA0028FA02 /* Extensions */ = {
			isa = PBXGroup;
			children = (
				45EB3FD31FC84FD200EF555E /* NSObject+ClassName.swift */,
				4537E85C1FD17B1A0007501C /* UIView+Blur.swift */,
				453C047C1FC161B70028FA02 /* UIView+Empty.swift */,
				4537E85A1FD179E30007501C /* UIView+Shadow.swift */,
				4537E8601FD1A6BE0007501C /* UIViewController+RootViewController.swift */,
			);
			path = Extensions;
			sourceTree = "<group>";
		};
		453C04801FC16A220028FA02 /* Appearance */ = {
			isa = PBXGroup;
			children = (
				453C04771FC0E8940028FA02 /* ActionSheetAppearance.swift */,
				1D428928204039C0005D4369 /* ActionSheetCollectionItemAppearance.swift */,
				45EB3FC51FC8420900EF555E /* ActionSheetItemAppearance.swift */,
				45EB3FC91FC842C400EF555E /* ActionSheetLinkItemAppearance.swift */,
				455DEE35206F705000173E67 /* ActionSheetMultiSelectItemAppearance.swift */,
				455DEE3D206F735300173E67 /* ActionSheetMultiSelectToggleItemAppearance.swift */,
				45EB3FDD1FC8575500EF555E /* ActionSheetPopoverApperance.swift */,
				45EB3FC71FC8423400EF555E /* ActionSheetSelectItemAppearance.swift */,
				454093C52060168F0079F29D /* ActionSheetSingleSelectItemAppearance.swift */,
				455DEE31206F682A00173E67 /* Buttons */,
				455DEE32206F682F00173E67 /* Titles */,
			);
			path = Appearance;
			sourceTree = "<group>";
		};
		453C797220931BFB00DE42B5 /* ActionSheet */ = {
			isa = PBXGroup;
			children = (
				453C046F1FC0666F0028FA02 /* ActionSheet.swift */,
				453C797020931BAC00DE42B5 /* ActionSheet+Presenter.swift */,
				45EB3FD91FC8521700EF555E /* ActionSheetItemCell.swift */,
				45EB3FE41FC87B1500EF555E /* ActionSheetItemHandler.swift */,
				4531B7E9203E3373001CE86B /* ActionSheetMargin.swift */,
			);
			path = ActionSheet;
			sourceTree = "<group>";
		};
		453C797320931C1300DE42B5 /* ActionSheet */ = {
			isa = PBXGroup;
			children = (
				457EC2C41FCE1AFE000EF1AD /* ActionSheetTests.swift */,
				453C796E2093189700DE42B5 /* ActionSheet+PresenterTests.swift */,
			);
			path = ActionSheet;
			sourceTree = "<group>";
		};
		455DEE2A206E115900173E67 /* Presenters */ = {
			isa = PBXGroup;
			children = (
				455DEE2B206E116F00173E67 /* ActionSheetPopoverPresenterTests.swift */,
			);
			path = Presenters;
			sourceTree = "<group>";
		};
		455DEE2D206F670200173E67 /* Buttons */ = {
			isa = PBXGroup;
			children = (
				456EAA081FCBF4A800A719ED /* ActionSheetButton.swift */,
				456EA9FC1FCB109500A719ED /* ActionSheetCancelButton.swift */,
				456EAA471FCCA84F00A719ED /* ActionSheetDangerButton.swift */,
				456EAA001FCB10B800A719ED /* ActionSheetOkButton.swift */,
			);
			path = Buttons;
			sourceTree = "<group>";
		};
		455DEE2E206F671000173E67 /* Titles */ = {
			isa = PBXGroup;
			children = (
				456EAA4B1FCCB13000A719ED /* ActionSheetSectionMargin.swift */,
				456EAA021FCB10F000A719ED /* ActionSheetSectionTitle.swift */,
				456EAA041FCB110B00A719ED /* ActionSheetTitle.swift */,
			);
			path = Titles;
			sourceTree = "<group>";
		};
		455DEE2F206F675D00173E67 /* Buttons */ = {
			isa = PBXGroup;
			children = (
				45352D582030BC0E00A0F890 /* ActionSheetButtonTests.swift */,
				45352D5F2030BC0E00A0F890 /* ActionSheetCancelButtonTests.swift */,
				45352D5A2030BC0E00A0F890 /* ActionSheetDangerButtonTests.swift */,
				45352D602030BC0E00A0F890 /* ActionSheetOkButtonTests.swift */,
			);
			path = Buttons;
			sourceTree = "<group>";
		};
		455DEE30206F676300173E67 /* Titles */ = {
			isa = PBXGroup;
			children = (
				45352D5D2030BC0E00A0F890 /* ActionSheetSectionMarginTests.swift */,
				45352D592030BC0E00A0F890 /* ActionSheetSectionTitleTests.swift */,
				45352D632030BC0E00A0F890 /* ActionSheetTitleTests.swift */,
			);
			path = Titles;
			sourceTree = "<group>";
		};
		455DEE31206F682A00173E67 /* Buttons */ = {
			isa = PBXGroup;
			children = (
				456EAA061FCBF47E00A719ED /* ActionSheetButtonItemAppearance.swift */,
				45EB3FCF1FC84B4400EF555E /* ActionSheetCancelButtonAppearance.swift */,
				456EAA451FCCA7F100A719ED /* ActionSheetDangerButtonAppearance.swift */,
				45EB3FCD1FC84B1500EF555E /* ActionSheetOkButtonAppearance.swift */,
			);
			path = Buttons;
			sourceTree = "<group>";
		};
		455DEE32206F682F00173E67 /* Titles */ = {
			isa = PBXGroup;
			children = (
				456EAA491FCCB10200A719ED /* ActionSheetSectionMarginAppearance.swift */,
				453C04851FC2241C0028FA02 /* ActionSheetSectionTitleAppearance.swift */,
				453C04811FC16A370028FA02 /* ActionSheetTitleAppearance.swift */,
			);
			path = Titles;
			sourceTree = "<group>";
		};
		456EAA0F1FCC203100A719ED /* Frameworks */ = {
			isa = PBXGroup;
			children = (
				457EC2BE1FCE1ACD000EF1AD /* Nimble.framework */,
				457EC2BD1FCE1ACD000EF1AD /* Quick.framework */,
			);
			name = Frameworks;
			sourceTree = "<group>";
		};
		456EAA171FCC615A00A719ED /* Fonts */ = {
			isa = PBXGroup;
			children = (
				456EAA181FCC615A00A719ED /* Roboto */,
			);
			path = Fonts;
			sourceTree = "<group>";
		};
		456EAA181FCC615A00A719ED /* Roboto */ = {
			isa = PBXGroup;
			children = (
				456EAA191FCC615A00A719ED /* LICENSE.txt */,
				456EAA1A1FCC615A00A719ED /* Roboto-Black.ttf */,
				456EAA1B1FCC615A00A719ED /* Roboto-BlackItalic.ttf */,
				456EAA1C1FCC615A00A719ED /* Roboto-Bold.ttf */,
				456EAA1D1FCC615A00A719ED /* Roboto-BoldItalic.ttf */,
				456EAA1E1FCC615A00A719ED /* Roboto-Italic.ttf */,
				456EAA1F1FCC615A00A719ED /* Roboto-Light.ttf */,
				456EAA201FCC615A00A719ED /* Roboto-LightItalic.ttf */,
				456EAA211FCC615A00A719ED /* Roboto-Medium.ttf */,
				456EAA221FCC615A00A719ED /* Roboto-MediumItalic.ttf */,
				456EAA231FCC615A00A719ED /* Roboto-Regular.ttf */,
				456EAA241FCC615A00A719ED /* Roboto-Thin.ttf */,
				456EAA251FCC615A00A719ED /* Roboto-ThinItalic.ttf */,
			);
			path = Roboto;
			sourceTree = "<group>";
		};
		456EAA3B1FCC8FF200A719ED /* Assets */ = {
			isa = PBXGroup;
			children = (
				453C04661FC065AE0028FA02 /* Assets.xcassets */,
				456EAA171FCC615A00A719ED /* Fonts */,
				456EAA501FCCC79800A719ED /* Images */,
			);
			path = Assets;
			sourceTree = "<group>";
		};
		456EAA3E1FCC920700A719ED /* Options */ = {
			isa = PBXGroup;
			children = (
				456EAA391FCC6A7700A719ED /* FoodOption.swift */,
				45CF8FAE205BB55800F01A3F /* FoodOption+ActionSheetItems.swift */,
				456EAA3F1FCC922100A719ED /* TableViewOption.swift */,
			);
			path = Options;
			sourceTree = "<group>";
		};
		456EAA421FCCA02E00A719ED /* Extensions */ = {
			isa = PBXGroup;
			children = (
				456EAA431FCCA03700A719ED /* UIColor+Hex.swift */,
			);
			path = Extensions;
			sourceTree = "<group>";
		};
		456EAA501FCCC79800A719ED /* Images */ = {
			isa = PBXGroup;
			children = (
				456EAA3C1FCC8FF200A719ED /* title-image.png */,
			);
			path = Images;
			sourceTree = "<group>";
		};
		456EAA5D1FCE0E1C00A719ED /* SheeeeeeeeetTests */ = {
			isa = PBXGroup;
			children = (
				453C797320931C1300DE42B5 /* ActionSheet */,
				456EAA601FCE0E1C00A719ED /* Info.plist */,
				45352D572030BBC900A0F890 /* Items */,
				455DEE2A206E115900173E67 /* Presenters */,
			);
			path = SheeeeeeeeetTests;
			sourceTree = "<group>";
		};
		459DA1B820568E4500644490 /* Views */ = {
			isa = PBXGroup;
			children = (
				1D428925204039B4005D4369 /* ActionSheetCollectionItemCell.swift */,
				1D428924204039B4005D4369 /* ActionSheetCollectionItemCell.xib */,
				459DA1B620568D9B00644490 /* ActionSheetCollectionItemContentCell.swift */,
			);
			path = Views;
			sourceTree = "<group>";
		};
		459DA1B92056A0AD00644490 /* Cells */ = {
			isa = PBXGroup;
			children = (
				1D42892B20403A18005D4369 /* MyCollectionViewCell.swift */,
				1D42892A20403A18005D4369 /* MyCollectionViewCell.xib */,
			);
			path = Cells;
			sourceTree = "<group>";
		};
		459DA1BA2056C10800644490 /* Library Files */ = {
			isa = PBXGroup;
			children = (
				459DA1BC2056C14A00644490 /* .swift-version */,
				459DA1BF2056C14A00644490 /* .swiftlint.yml */,
				459DA1C02056C14A00644490 /* .travis.yml */,
				459DA1C12056C14A00644490 /* Cartfile */,
				459DA1BD2056C14A00644490 /* Cartfile.private */,
				459DA1C22056C15600644490 /* Fastfile */,
				459DA1BB2056C14900644490 /* LICENSE */,
				459DA1BE2056C14A00644490 /* README.md */,
				454093C7206018B90079F29D /* RELEASENOTES.md */,
			);
			name = "Library Files";
			sourceTree = "<group>";
		};
		45A488E22028CCE500822C21 /* Appearance */ = {
			isa = PBXGroup;
			children = (
				45A488E32028CD0500822C21 /* DemoAppearance.swift */,
			);
			path = Appearance;
			sourceTree = "<group>";
		};
		45CF8FA5205BAE3800F01A3F /* ActionSheets */ = {
			isa = PBXGroup;
			children = (
				45CF8FAA205BAF3100F01A3F /* ActionSheet+Items.swift */,
				456203C4205BD24000A3E141 /* CollectionActionSheet.swift */,
				456203C0205BD00100A3E141 /* DestructiveActionSheet.swift */,
				456203C2205BD0DE00A3E141 /* HeaderActionSheet.swift */,
				454EDC61205BBE75008E4311 /* LinkActionSheet.swift */,
				45CF8FAC205BB42900F01A3F /* MultiSelectActionSheet.swift */,
				454EDC63205BCF14008E4311 /* SectionActionSheet.swift */,
				454EDC5D205BBC5F008E4311 /* SingleSelectActionSheet.swift */,
				45CF8FA6205BAE9800F01A3F /* StandardActionSheet.swift */,
			);
			path = ActionSheets;
			sourceTree = "<group>";
		};
/* End PBXGroup section */

/* Begin PBXHeadersBuildPhase section */
		453C041E1FC0655C0028FA02 /* Headers */ = {
			isa = PBXHeadersBuildPhase;
			buildActionMask = 2147483647;
			files = (
				453C04321FC0655D0028FA02 /* Sheeeeeeeeet.h in Headers */,
			);
			runOnlyForDeploymentPostprocessing = 0;
		};
/* End PBXHeadersBuildPhase section */

/* Begin PBXNativeTarget section */
		453C04201FC0655C0028FA02 /* Sheeeeeeeeet */ = {
			isa = PBXNativeTarget;
			buildConfigurationList = 453C04351FC0655D0028FA02 /* Build configuration list for PBXNativeTarget "Sheeeeeeeeet" */;
			buildPhases = (
				456EAA0C1FCC0FF800A719ED /* Swift Lint */,
				453C041C1FC0655C0028FA02 /* Sources */,
				453C041D1FC0655C0028FA02 /* Frameworks */,
				453C041E1FC0655C0028FA02 /* Headers */,
				453C041F1FC0655C0028FA02 /* Resources */,
			);
			buildRules = (
			);
			dependencies = (
			);
			name = Sheeeeeeeeet;
			productName = Sheeeeeeeeet;
			productReference = 453C04211FC0655C0028FA02 /* Sheeeeeeeeet.framework */;
			productType = "com.apple.product-type.framework";
		};
		453C045C1FC065AE0028FA02 /* SheeeeeeeeetExample */ = {
			isa = PBXNativeTarget;
			buildConfigurationList = 453C046C1FC065AE0028FA02 /* Build configuration list for PBXNativeTarget "SheeeeeeeeetExample" */;
			buildPhases = (
				453C04591FC065AE0028FA02 /* Sources */,
				453C045A1FC065AE0028FA02 /* Frameworks */,
				453C045B1FC065AE0028FA02 /* Resources */,
				456EAA131FCC204A00A719ED /* Embed Frameworks */,
			);
			buildRules = (
			);
			dependencies = (
			);
			name = SheeeeeeeeetExample;
			productName = SheeeeeeeeetExample;
			productReference = 453C045D1FC065AE0028FA02 /* SheeeeeeeeetExample.app */;
			productType = "com.apple.product-type.application";
		};
		456EAA5B1FCE0E1C00A719ED /* SheeeeeeeeetTests */ = {
			isa = PBXNativeTarget;
			buildConfigurationList = 456EAA641FCE0E1C00A719ED /* Build configuration list for PBXNativeTarget "SheeeeeeeeetTests" */;
			buildPhases = (
				456EAA581FCE0E1C00A719ED /* Sources */,
				456EAA591FCE0E1C00A719ED /* Frameworks */,
				456EAA5A1FCE0E1C00A719ED /* Resources */,
				456EAA6D1FCE165900A719ED /* CopyFiles */,
			);
			buildRules = (
			);
			dependencies = (
				456EAA631FCE0E1C00A719ED /* PBXTargetDependency */,
				456EAA771FCE17CC00A719ED /* PBXTargetDependency */,
			);
			name = SheeeeeeeeetTests;
			productName = SheeeeeeeeetTests;
			productReference = 456EAA5C1FCE0E1C00A719ED /* SheeeeeeeeetTests.xctest */;
			productType = "com.apple.product-type.bundle.unit-test";
		};
/* End PBXNativeTarget section */

/* Begin PBXProject section */
		453C04181FC0655C0028FA02 /* Project object */ = {
			isa = PBXProject;
			attributes = {
				LastSwiftUpdateCheck = 0910;
				LastUpgradeCheck = 0910;
				ORGANIZATIONNAME = "Daniel Saidi";
				TargetAttributes = {
					453C04201FC0655C0028FA02 = {
						CreatedOnToolsVersion = 9.1;
						LastSwiftMigration = 0910;
						ProvisioningStyle = Automatic;
					};
					453C045C1FC065AE0028FA02 = {
						CreatedOnToolsVersion = 9.1;
						ProvisioningStyle = Automatic;
					};
					456EAA5B1FCE0E1C00A719ED = {
						CreatedOnToolsVersion = 9.1;
						ProvisioningStyle = Automatic;
					};
				};
			};
			buildConfigurationList = 453C041B1FC0655C0028FA02 /* Build configuration list for PBXProject "Sheeeeeeeeet" */;
			compatibilityVersion = "Xcode 8.0";
			developmentRegion = en;
			hasScannedForEncodings = 0;
			knownRegions = (
				en,
				Base,
			);
			mainGroup = 453C04171FC0655C0028FA02;
			productRefGroup = 453C04221FC0655C0028FA02 /* Products */;
			projectDirPath = "";
			projectRoot = "";
			targets = (
				453C04201FC0655C0028FA02 /* Sheeeeeeeeet */,
				453C045C1FC065AE0028FA02 /* SheeeeeeeeetExample */,
				456EAA5B1FCE0E1C00A719ED /* SheeeeeeeeetTests */,
			);
		};
/* End PBXProject section */

/* Begin PBXResourcesBuildPhase section */
		453C041F1FC0655C0028FA02 /* Resources */ = {
			isa = PBXResourcesBuildPhase;
			buildActionMask = 2147483647;
			files = (
				1D42891D20400474005D4369 /* (null) in Resources */,
				1D428926204039B4005D4369 /* ActionSheetCollectionItemCell.xib in Resources */,
			);
			runOnlyForDeploymentPostprocessing = 0;
		};
		453C045B1FC065AE0028FA02 /* Resources */ = {
			isa = PBXResourcesBuildPhase;
			buildActionMask = 2147483647;
			files = (
				456EAA291FCC615A00A719ED /* Roboto-Bold.ttf in Resources */,
				456EAA3D1FCC8FF200A719ED /* title-image.png in Resources */,
				456EAA2D1FCC615A00A719ED /* Roboto-LightItalic.ttf in Resources */,
				456EAA2F1FCC615A00A719ED /* Roboto-MediumItalic.ttf in Resources */,
				456EAA2B1FCC615A00A719ED /* Roboto-Italic.ttf in Resources */,
				456EAA2C1FCC615A00A719ED /* Roboto-Light.ttf in Resources */,
				456EAA261FCC615A00A719ED /* LICENSE.txt in Resources */,
				1D42892120400673005D4369 /* (null) in Resources */,
				456EAA2A1FCC615A00A719ED /* Roboto-BoldItalic.ttf in Resources */,
				456EAA281FCC615A00A719ED /* Roboto-BlackItalic.ttf in Resources */,
				1D42892C20403A18005D4369 /* MyCollectionViewCell.xib in Resources */,
				456EAA311FCC615A00A719ED /* Roboto-Thin.ttf in Resources */,
				456EAA301FCC615A00A719ED /* Roboto-Regular.ttf in Resources */,
				453C046A1FC065AE0028FA02 /* LaunchScreen.storyboard in Resources */,
				456EAA2E1FCC615A00A719ED /* Roboto-Medium.ttf in Resources */,
				456EAA321FCC615A00A719ED /* Roboto-ThinItalic.ttf in Resources */,
				456EAA271FCC615A00A719ED /* Roboto-Black.ttf in Resources */,
				453C04671FC065AE0028FA02 /* Assets.xcassets in Resources */,
				453C04651FC065AE0028FA02 /* Main.storyboard in Resources */,
			);
			runOnlyForDeploymentPostprocessing = 0;
		};
		456EAA5A1FCE0E1C00A719ED /* Resources */ = {
			isa = PBXResourcesBuildPhase;
			buildActionMask = 2147483647;
			files = (
			);
			runOnlyForDeploymentPostprocessing = 0;
		};
/* End PBXResourcesBuildPhase section */

/* Begin PBXShellScriptBuildPhase section */
		456EAA0C1FCC0FF800A719ED /* Swift Lint */ = {
			isa = PBXShellScriptBuildPhase;
			buildActionMask = 2147483647;
			files = (
			);
			inputPaths = (
			);
			name = "Swift Lint";
			outputPaths = (
			);
			runOnlyForDeploymentPostprocessing = 0;
			shellPath = /bin/sh;
			shellScript = "if which swiftlint >/dev/null; then\nswiftlint\nelse\necho \"SwiftLint does not exist, download from https://github.com/realm/SwiftLint\"\nfi";
		};
/* End PBXShellScriptBuildPhase section */

/* Begin PBXSourcesBuildPhase section */
		453C041C1FC0655C0028FA02 /* Sources */ = {
			isa = PBXSourcesBuildPhase;
			buildActionMask = 2147483647;
			files = (
				456EA9FD1FCB109500A719ED /* ActionSheetCancelButton.swift in Sources */,
				453C047D1FC161B70028FA02 /* UIView+Empty.swift in Sources */,
				456EAA4A1FCCB10200A719ED /* ActionSheetSectionMarginAppearance.swift in Sources */,
				455DEE3C206F733700173E67 /* ActionSheetMultiSelectToggleItem.swift in Sources */,
				1D42892F20403A48005D4369 /* ActionSheetCollectionItem.swift in Sources */,
				45EB3FD81FC8509A00EF555E /* ActionSheetItem.swift in Sources */,
				45EB3FD41FC84FD200EF555E /* NSObject+ClassName.swift in Sources */,
				453C04761FC069B50028FA02 /* ActionSheetPresenter.swift in Sources */,
				456EAA011FCB10B800A719ED /* ActionSheetOkButton.swift in Sources */,
				453C04781FC0E8940028FA02 /* ActionSheetAppearance.swift in Sources */,
				453C04821FC16A370028FA02 /* ActionSheetTitleAppearance.swift in Sources */,
				456EA9FF1FCB10A900A719ED /* ActionSheetLinkItem.swift in Sources */,
				455DEE36206F705000173E67 /* ActionSheetMultiSelectItemAppearance.swift in Sources */,
				4531B7EA203E3373001CE86B /* ActionSheetMargin.swift in Sources */,
				453C797120931BAC00DE42B5 /* ActionSheet+Presenter.swift in Sources */,
				1D42891F20400580005D4369 /* (null) in Sources */,
				45EB3FD01FC84B4400EF555E /* ActionSheetCancelButtonAppearance.swift in Sources */,
				1D428929204039C0005D4369 /* ActionSheetCollectionItemAppearance.swift in Sources */,
				454093C62060168F0079F29D /* ActionSheetSingleSelectItemAppearance.swift in Sources */,
				1D428917203F2235005D4369 /* (null) in Sources */,
				45F969DD1FD1411D00292F28 /* ActionSheetPopPresenter.swift in Sources */,
				456EAA091FCBF4A800A719ED /* ActionSheetButton.swift in Sources */,
				456EAA4C1FCCB13000A719ED /* ActionSheetSectionMargin.swift in Sources */,
				45EB3FDA1FC8521700EF555E /* ActionSheetItemCell.swift in Sources */,
				45EB3FC61FC8420900EF555E /* ActionSheetItemAppearance.swift in Sources */,
				456EAA071FCBF47E00A719ED /* ActionSheetButtonItemAppearance.swift in Sources */,
				45EB3FDE1FC8575500EF555E /* ActionSheetPopoverApperance.swift in Sources */,
				4537E85D1FD17B1A0007501C /* UIView+Blur.swift in Sources */,
				45EB3FC81FC8423400EF555E /* ActionSheetSelectItemAppearance.swift in Sources */,
				455DEE3E206F735300173E67 /* ActionSheetMultiSelectToggleItemAppearance.swift in Sources */,
				456EAA031FCB10F000A719ED /* ActionSheetSectionTitle.swift in Sources */,
				459DA1B720568D9B00644490 /* ActionSheetCollectionItemContentCell.swift in Sources */,
				4537E85B1FD179E30007501C /* UIView+Shadow.swift in Sources */,
				459DA1C42056C4F900644490 /* ActionSheetSingleSelectItem.swift in Sources */,
				456EAA481FCCA84F00A719ED /* ActionSheetDangerButton.swift in Sources */,
				45EB3FCA1FC842C400EF555E /* ActionSheetLinkItemAppearance.swift in Sources */,
				456EAA461FCCA7F100A719ED /* ActionSheetDangerButtonAppearance.swift in Sources */,
				453C04701FC0666F0028FA02 /* ActionSheet.swift in Sources */,
				4537E8591FD167590007501C /* ActionSheetPresenterBase.swift in Sources */,
				456EAA051FCB110B00A719ED /* ActionSheetTitle.swift in Sources */,
				453C04861FC2241C0028FA02 /* ActionSheetSectionTitleAppearance.swift in Sources */,
				1D428919204002F2005D4369 /* (null) in Sources */,
				45EB3FDC1FC856D200EF555E /* ActionSheetPopoverPresenter.swift in Sources */,
				1D428927204039B4005D4369 /* ActionSheetCollectionItemCell.swift in Sources */,
				45EB3FE51FC87B1500EF555E /* ActionSheetItemHandler.swift in Sources */,
				455DEE38206F70C400173E67 /* ActionSheetMultiSelectItem.swift in Sources */,
				456EAA0E1FCC13A400A719ED /* ActionSheetDefaultPresenter.swift in Sources */,
				456EA9FB1FCAC9CC00A719ED /* ActionSheetSelectItem.swift in Sources */,
				4537E8611FD1A6BE0007501C /* UIViewController+RootViewController.swift in Sources */,
				45EB3FCE1FC84B1500EF555E /* ActionSheetOkButtonAppearance.swift in Sources */,
			);
			runOnlyForDeploymentPostprocessing = 0;
		};
		453C04591FC065AE0028FA02 /* Sources */ = {
			isa = PBXSourcesBuildPhase;
			buildActionMask = 2147483647;
			files = (
				45A488E42028CD0500822C21 /* DemoAppearance.swift in Sources */,
				456EAA441FCCA03700A719ED /* UIColor+Hex.swift in Sources */,
				456203C1205BD00100A3E141 /* DestructiveActionSheet.swift in Sources */,
				453C04621FC065AE0028FA02 /* ViewController.swift in Sources */,
				453C04601FC065AE0028FA02 /* AppDelegate.swift in Sources */,
				454EDC5E205BBC5F008E4311 /* SingleSelectActionSheet.swift in Sources */,
				1D42892320400685005D4369 /* (null) in Sources */,
				45CF8FAB205BAF3100F01A3F /* ActionSheet+Items.swift in Sources */,
				456EAA401FCC922100A719ED /* TableViewOption.swift in Sources */,
				45CF8FAD205BB42900F01A3F /* MultiSelectActionSheet.swift in Sources */,
				45CF8FA7205BAE9800F01A3F /* StandardActionSheet.swift in Sources */,
				1D42892D20403A18005D4369 /* MyCollectionViewCell.swift in Sources */,
				454EDC62205BBE75008E4311 /* LinkActionSheet.swift in Sources */,
				454EDC64205BCF14008E4311 /* SectionActionSheet.swift in Sources */,
				456203C5205BD24000A3E141 /* CollectionActionSheet.swift in Sources */,
				456203C3205BD0DE00A3E141 /* HeaderActionSheet.swift in Sources */,
				456EAA3A1FCC6A7700A719ED /* FoodOption.swift in Sources */,
				45CF8FAF205BB55800F01A3F /* FoodOption+ActionSheetItems.swift in Sources */,
				4537E8671FD2A5600007501C /* ViewController+TableView.swift in Sources */,
				456EAA341FCC665800A719ED /* ViewController+Alerts.swift in Sources */,
			);
			runOnlyForDeploymentPostprocessing = 0;
		};
		456EAA581FCE0E1C00A719ED /* Sources */ = {
			isa = PBXSourcesBuildPhase;
			buildActionMask = 2147483647;
			files = (
				45352D6E2030BC0E00A0F890 /* ActionSheetSelectItemTests.swift in Sources */,
				45352D682030BC0E00A0F890 /* ActionSheetLinkItemTests.swift in Sources */,
				45352D6C2030BC0E00A0F890 /* ActionSheetOkButtonTests.swift in Sources */,
				455DEE40206F76E300173E67 /* ActionSheetMultiSelectToggleItemTests.swift in Sources */,
				45352D662030BC0E00A0F890 /* ActionSheetDangerButtonTests.swift in Sources */,
				45352D6B2030BC0E00A0F890 /* ActionSheetCancelButtonTests.swift in Sources */,
				457EC2C51FCE1AFE000EF1AD /* ActionSheetTests.swift in Sources */,
				45352D6F2030BC0E00A0F890 /* ActionSheetTitleTests.swift in Sources */,
				455DEE2C206E116F00173E67 /* ActionSheetPopoverPresenterTests.swift in Sources */,
				459DA1C62056C6B400644490 /* ActionSheetSingleSelectItemTests.swift in Sources */,
				45352D692030BC0E00A0F890 /* ActionSheetSectionMarginTests.swift in Sources */,
				45352D642030BC0E00A0F890 /* ActionSheetButtonTests.swift in Sources */,
				453C796F2093189700DE42B5 /* ActionSheet+PresenterTests.swift in Sources */,
				45352D652030BC0E00A0F890 /* ActionSheetSectionTitleTests.swift in Sources */,
				455DEE3A206F71B500173E67 /* ActionSheetMultiSelectItemTests.swift in Sources */,
				45352D672030BC0E00A0F890 /* ActionSheetItemTests.swift in Sources */,
			);
			runOnlyForDeploymentPostprocessing = 0;
		};
/* End PBXSourcesBuildPhase section */

/* Begin PBXTargetDependency section */
		456EAA631FCE0E1C00A719ED /* PBXTargetDependency */ = {
			isa = PBXTargetDependency;
			target = 453C04201FC0655C0028FA02 /* Sheeeeeeeeet */;
			targetProxy = 456EAA621FCE0E1C00A719ED /* PBXContainerItemProxy */;
		};
		456EAA771FCE17CC00A719ED /* PBXTargetDependency */ = {
			isa = PBXTargetDependency;
			target = 453C045C1FC065AE0028FA02 /* SheeeeeeeeetExample */;
			targetProxy = 456EAA761FCE17CC00A719ED /* PBXContainerItemProxy */;
		};
/* End PBXTargetDependency section */

/* Begin PBXVariantGroup section */
		453C04631FC065AE0028FA02 /* Main.storyboard */ = {
			isa = PBXVariantGroup;
			children = (
				453C04641FC065AE0028FA02 /* Base */,
			);
			name = Main.storyboard;
			sourceTree = "<group>";
		};
		453C04681FC065AE0028FA02 /* LaunchScreen.storyboard */ = {
			isa = PBXVariantGroup;
			children = (
				453C04691FC065AE0028FA02 /* Base */,
			);
			name = LaunchScreen.storyboard;
			sourceTree = "<group>";
		};
/* End PBXVariantGroup section */

/* Begin XCBuildConfiguration section */
		453C04331FC0655D0028FA02 /* Debug */ = {
			isa = XCBuildConfiguration;
			buildSettings = {
				ALWAYS_SEARCH_USER_PATHS = NO;
				CLANG_ANALYZER_NONNULL = YES;
				CLANG_ANALYZER_NUMBER_OBJECT_CONVERSION = YES_AGGRESSIVE;
				CLANG_CXX_LANGUAGE_STANDARD = "gnu++14";
				CLANG_CXX_LIBRARY = "libc++";
				CLANG_ENABLE_MODULES = YES;
				CLANG_ENABLE_OBJC_ARC = YES;
				CLANG_WARN_BLOCK_CAPTURE_AUTORELEASING = YES;
				CLANG_WARN_BOOL_CONVERSION = YES;
				CLANG_WARN_COMMA = YES;
				CLANG_WARN_CONSTANT_CONVERSION = YES;
				CLANG_WARN_DIRECT_OBJC_ISA_USAGE = YES_ERROR;
				CLANG_WARN_DOCUMENTATION_COMMENTS = YES;
				CLANG_WARN_EMPTY_BODY = YES;
				CLANG_WARN_ENUM_CONVERSION = YES;
				CLANG_WARN_INFINITE_RECURSION = YES;
				CLANG_WARN_INT_CONVERSION = YES;
				CLANG_WARN_NON_LITERAL_NULL_CONVERSION = YES;
				CLANG_WARN_OBJC_LITERAL_CONVERSION = YES;
				CLANG_WARN_OBJC_ROOT_CLASS = YES_ERROR;
				CLANG_WARN_RANGE_LOOP_ANALYSIS = YES;
				CLANG_WARN_STRICT_PROTOTYPES = YES;
				CLANG_WARN_SUSPICIOUS_MOVE = YES;
				CLANG_WARN_UNGUARDED_AVAILABILITY = YES_AGGRESSIVE;
				CLANG_WARN_UNREACHABLE_CODE = YES;
				CLANG_WARN__DUPLICATE_METHOD_MATCH = YES;
				CODE_SIGN_IDENTITY = "iPhone Developer";
				COPY_PHASE_STRIP = NO;
				CURRENT_PROJECT_VERSION = 1;
				DEBUG_INFORMATION_FORMAT = dwarf;
				ENABLE_STRICT_OBJC_MSGSEND = YES;
				ENABLE_TESTABILITY = YES;
				GCC_C_LANGUAGE_STANDARD = gnu11;
				GCC_DYNAMIC_NO_PIC = NO;
				GCC_NO_COMMON_BLOCKS = YES;
				GCC_OPTIMIZATION_LEVEL = 0;
				GCC_PREPROCESSOR_DEFINITIONS = (
					"DEBUG=1",
					"$(inherited)",
				);
				GCC_WARN_64_TO_32_BIT_CONVERSION = YES;
				GCC_WARN_ABOUT_RETURN_TYPE = YES_ERROR;
				GCC_WARN_UNDECLARED_SELECTOR = YES;
				GCC_WARN_UNINITIALIZED_AUTOS = YES_AGGRESSIVE;
				GCC_WARN_UNUSED_FUNCTION = YES;
				GCC_WARN_UNUSED_VARIABLE = YES;
				IPHONEOS_DEPLOYMENT_TARGET = 9.0;
				MTL_ENABLE_DEBUG_INFO = YES;
				ONLY_ACTIVE_ARCH = YES;
				SDKROOT = iphoneos;
				SWIFT_ACTIVE_COMPILATION_CONDITIONS = DEBUG;
				SWIFT_OPTIMIZATION_LEVEL = "-Onone";
				VERSIONING_SYSTEM = "apple-generic";
				VERSION_INFO_PREFIX = "";
			};
			name = Debug;
		};
		453C04341FC0655D0028FA02 /* Release */ = {
			isa = XCBuildConfiguration;
			buildSettings = {
				ALWAYS_SEARCH_USER_PATHS = NO;
				CLANG_ANALYZER_NONNULL = YES;
				CLANG_ANALYZER_NUMBER_OBJECT_CONVERSION = YES_AGGRESSIVE;
				CLANG_CXX_LANGUAGE_STANDARD = "gnu++14";
				CLANG_CXX_LIBRARY = "libc++";
				CLANG_ENABLE_MODULES = YES;
				CLANG_ENABLE_OBJC_ARC = YES;
				CLANG_WARN_BLOCK_CAPTURE_AUTORELEASING = YES;
				CLANG_WARN_BOOL_CONVERSION = YES;
				CLANG_WARN_COMMA = YES;
				CLANG_WARN_CONSTANT_CONVERSION = YES;
				CLANG_WARN_DIRECT_OBJC_ISA_USAGE = YES_ERROR;
				CLANG_WARN_DOCUMENTATION_COMMENTS = YES;
				CLANG_WARN_EMPTY_BODY = YES;
				CLANG_WARN_ENUM_CONVERSION = YES;
				CLANG_WARN_INFINITE_RECURSION = YES;
				CLANG_WARN_INT_CONVERSION = YES;
				CLANG_WARN_NON_LITERAL_NULL_CONVERSION = YES;
				CLANG_WARN_OBJC_LITERAL_CONVERSION = YES;
				CLANG_WARN_OBJC_ROOT_CLASS = YES_ERROR;
				CLANG_WARN_RANGE_LOOP_ANALYSIS = YES;
				CLANG_WARN_STRICT_PROTOTYPES = YES;
				CLANG_WARN_SUSPICIOUS_MOVE = YES;
				CLANG_WARN_UNGUARDED_AVAILABILITY = YES_AGGRESSIVE;
				CLANG_WARN_UNREACHABLE_CODE = YES;
				CLANG_WARN__DUPLICATE_METHOD_MATCH = YES;
				CODE_SIGN_IDENTITY = "iPhone Developer";
				COPY_PHASE_STRIP = NO;
				CURRENT_PROJECT_VERSION = 1;
				DEBUG_INFORMATION_FORMAT = "dwarf-with-dsym";
				ENABLE_NS_ASSERTIONS = NO;
				ENABLE_STRICT_OBJC_MSGSEND = YES;
				GCC_C_LANGUAGE_STANDARD = gnu11;
				GCC_NO_COMMON_BLOCKS = YES;
				GCC_WARN_64_TO_32_BIT_CONVERSION = YES;
				GCC_WARN_ABOUT_RETURN_TYPE = YES_ERROR;
				GCC_WARN_UNDECLARED_SELECTOR = YES;
				GCC_WARN_UNINITIALIZED_AUTOS = YES_AGGRESSIVE;
				GCC_WARN_UNUSED_FUNCTION = YES;
				GCC_WARN_UNUSED_VARIABLE = YES;
				IPHONEOS_DEPLOYMENT_TARGET = 9.0;
				MTL_ENABLE_DEBUG_INFO = NO;
				SDKROOT = iphoneos;
				SWIFT_OPTIMIZATION_LEVEL = "-Owholemodule";
				VALIDATE_PRODUCT = YES;
				VERSIONING_SYSTEM = "apple-generic";
				VERSION_INFO_PREFIX = "";
			};
			name = Release;
		};
		453C04361FC0655D0028FA02 /* Debug */ = {
			isa = XCBuildConfiguration;
			buildSettings = {
				CLANG_ENABLE_MODULES = YES;
				CODE_SIGN_IDENTITY = "";
				CODE_SIGN_STYLE = Automatic;
				DEFINES_MODULE = YES;
				DEVELOPMENT_TEAM = PMEDFW438U;
				DYLIB_COMPATIBILITY_VERSION = 1;
				DYLIB_CURRENT_VERSION = 1;
				DYLIB_INSTALL_NAME_BASE = "@rpath";
				INFOPLIST_FILE = Sheeeeeeeeet/Info.plist;
				INSTALL_PATH = "$(LOCAL_LIBRARY_DIR)/Frameworks";
				LD_RUNPATH_SEARCH_PATHS = "$(inherited) @executable_path/Frameworks @loader_path/Frameworks";
				PRODUCT_BUNDLE_IDENTIFIER = com.danielsaidi.Sheeeeeeeeet;
				PRODUCT_NAME = "$(TARGET_NAME:c99extidentifier)";
				SKIP_INSTALL = YES;
				SWIFT_OPTIMIZATION_LEVEL = "-Onone";
				SWIFT_VERSION = 4.0;
				TARGETED_DEVICE_FAMILY = "1,2";
			};
			name = Debug;
		};
		453C04371FC0655D0028FA02 /* Release */ = {
			isa = XCBuildConfiguration;
			buildSettings = {
				CLANG_ENABLE_MODULES = YES;
				CODE_SIGN_IDENTITY = "";
				CODE_SIGN_STYLE = Automatic;
				DEFINES_MODULE = YES;
				DEVELOPMENT_TEAM = PMEDFW438U;
				DYLIB_COMPATIBILITY_VERSION = 1;
				DYLIB_CURRENT_VERSION = 1;
				DYLIB_INSTALL_NAME_BASE = "@rpath";
				INFOPLIST_FILE = Sheeeeeeeeet/Info.plist;
				INSTALL_PATH = "$(LOCAL_LIBRARY_DIR)/Frameworks";
				LD_RUNPATH_SEARCH_PATHS = "$(inherited) @executable_path/Frameworks @loader_path/Frameworks";
				PRODUCT_BUNDLE_IDENTIFIER = com.danielsaidi.Sheeeeeeeeet;
				PRODUCT_NAME = "$(TARGET_NAME:c99extidentifier)";
				SKIP_INSTALL = YES;
				SWIFT_VERSION = 4.0;
				TARGETED_DEVICE_FAMILY = "1,2";
			};
			name = Release;
		};
		453C046D1FC065AE0028FA02 /* Debug */ = {
			isa = XCBuildConfiguration;
			buildSettings = {
				ALWAYS_EMBED_SWIFT_STANDARD_LIBRARIES = YES;
				ASSETCATALOG_COMPILER_APPICON_NAME = AppIcon;
				CODE_SIGN_STYLE = Automatic;
				DEVELOPMENT_TEAM = C23URLS3EG;
				INFOPLIST_FILE = SheeeeeeeeetExample/Info.plist;
				LD_RUNPATH_SEARCH_PATHS = "$(inherited) @executable_path/Frameworks";
				PRODUCT_BUNDLE_IDENTIFIER = com.danielsaidi.SheeeeeeeeetExample;
				PRODUCT_NAME = "$(TARGET_NAME)";
				SWIFT_VERSION = 4.0;
				TARGETED_DEVICE_FAMILY = "1,2";
			};
			name = Debug;
		};
		453C046E1FC065AE0028FA02 /* Release */ = {
			isa = XCBuildConfiguration;
			buildSettings = {
				ALWAYS_EMBED_SWIFT_STANDARD_LIBRARIES = YES;
				ASSETCATALOG_COMPILER_APPICON_NAME = AppIcon;
				CODE_SIGN_STYLE = Automatic;
				DEVELOPMENT_TEAM = C23URLS3EG;
				INFOPLIST_FILE = SheeeeeeeeetExample/Info.plist;
				LD_RUNPATH_SEARCH_PATHS = "$(inherited) @executable_path/Frameworks";
				PRODUCT_BUNDLE_IDENTIFIER = com.danielsaidi.SheeeeeeeeetExample;
				PRODUCT_NAME = "$(TARGET_NAME)";
				SWIFT_VERSION = 4.0;
				TARGETED_DEVICE_FAMILY = "1,2";
			};
			name = Release;
		};
		456EAA651FCE0E1C00A719ED /* Debug */ = {
			isa = XCBuildConfiguration;
			buildSettings = {
				CODE_SIGN_STYLE = Automatic;
				DEVELOPMENT_TEAM = PMEDFW438U;
				FRAMEWORK_SEARCH_PATHS = "$(PROJECT_DIR)/Carthage/Build/iOS";
				INFOPLIST_FILE = SheeeeeeeeetTests/Info.plist;
				IPHONEOS_DEPLOYMENT_TARGET = 11.1;
				LD_RUNPATH_SEARCH_PATHS = "$(inherited) @executable_path/Frameworks @loader_path/Frameworks";
				PRODUCT_BUNDLE_IDENTIFIER = com.danielsaidi.SheeeeeeeeetTests;
				PRODUCT_NAME = "$(TARGET_NAME)";
				SWIFT_VERSION = 4.0;
				TARGETED_DEVICE_FAMILY = "1,2";
			};
			name = Debug;
		};
		456EAA661FCE0E1C00A719ED /* Release */ = {
			isa = XCBuildConfiguration;
			buildSettings = {
				CODE_SIGN_STYLE = Automatic;
				DEVELOPMENT_TEAM = PMEDFW438U;
				FRAMEWORK_SEARCH_PATHS = "$(PROJECT_DIR)/Carthage/Build/iOS";
				INFOPLIST_FILE = SheeeeeeeeetTests/Info.plist;
				IPHONEOS_DEPLOYMENT_TARGET = 11.1;
				LD_RUNPATH_SEARCH_PATHS = "$(inherited) @executable_path/Frameworks @loader_path/Frameworks";
				PRODUCT_BUNDLE_IDENTIFIER = com.danielsaidi.SheeeeeeeeetTests;
				PRODUCT_NAME = "$(TARGET_NAME)";
				SWIFT_VERSION = 4.0;
				TARGETED_DEVICE_FAMILY = "1,2";
			};
			name = Release;
		};
/* End XCBuildConfiguration section */

/* Begin XCConfigurationList section */
		453C041B1FC0655C0028FA02 /* Build configuration list for PBXProject "Sheeeeeeeeet" */ = {
			isa = XCConfigurationList;
			buildConfigurations = (
				453C04331FC0655D0028FA02 /* Debug */,
				453C04341FC0655D0028FA02 /* Release */,
			);
			defaultConfigurationIsVisible = 0;
			defaultConfigurationName = Release;
		};
		453C04351FC0655D0028FA02 /* Build configuration list for PBXNativeTarget "Sheeeeeeeeet" */ = {
			isa = XCConfigurationList;
			buildConfigurations = (
				453C04361FC0655D0028FA02 /* Debug */,
				453C04371FC0655D0028FA02 /* Release */,
			);
			defaultConfigurationIsVisible = 0;
			defaultConfigurationName = Release;
		};
		453C046C1FC065AE0028FA02 /* Build configuration list for PBXNativeTarget "SheeeeeeeeetExample" */ = {
			isa = XCConfigurationList;
			buildConfigurations = (
				453C046D1FC065AE0028FA02 /* Debug */,
				453C046E1FC065AE0028FA02 /* Release */,
			);
			defaultConfigurationIsVisible = 0;
			defaultConfigurationName = Release;
		};
		456EAA641FCE0E1C00A719ED /* Build configuration list for PBXNativeTarget "SheeeeeeeeetTests" */ = {
			isa = XCConfigurationList;
			buildConfigurations = (
				456EAA651FCE0E1C00A719ED /* Debug */,
				456EAA661FCE0E1C00A719ED /* Release */,
			);
			defaultConfigurationIsVisible = 0;
			defaultConfigurationName = Release;
		};
/* End XCConfigurationList section */
	};
	rootObject = 453C04181FC0655C0028FA02 /* Project object */;
}
