{
  "object": {
    "pins": [
      {
        "package": "MockingKit",
        "repositoryURL": "https://github.com/danielsaidi/MockingKit.git",
        "state": {
          "branch": null,
          "revision": "07be9e3b3db2fdedfe420c171de71bbfdb36ed12",
          "version": "0.8.0"
        }
      },
      {
        "package": "Nimble",
        "repositoryURL": "https://github.com/Quick/Nimble.git",
        "state": {
          "branch": null,
          "revision": "2b1809051b4a65c1d7f5233331daa24572cd7fca",
          "version": "8.1.1"
        }
      },
      {
        "package": "Quick",
        "repositoryURL": "https://github.com/Quick/Quick.git",
        "state": {
          "branch": null,
          "revision": "0038bcbab4292f3b028632556507c124e5ba69f3",
          "version": "3.0.0"
        }
      }
    ]
  },
  "version": 1
}
