{
  "object": {
    "pins": [
      {
        "package": "Mockery",
        "repositoryURL": "https://github.com/danielsaidi/Mockery.git",
        "state": {
          "branch": null,
          "revision": "873da92ef23789e0065fa25dff234f5cde03500b",
          "version": "0.3.2"
        }
      },
      {
        "package": "Nimble",
        "repositoryURL": "https://github.com/Quick/Nimble.git",
        "state": {
          "branch": null,
          "revision": "7fd118ec8795888bcbbebc1a41f6984454c4cd6f",
          "version": "8.0.7"
        }
      },
      {
        "package": "Quick",
        "repositoryURL": "https://github.com/Quick/Quick.git",
        "state": {
          "branch": null,
          "revision": "33682c2f6230c60614861dfc61df267e11a1602f",
          "version": "2.2.0"
        }
      }
    ]
  },
  "version": 1
}
